
Microsoft Visual Studio Solution File, Format Version 11.00
# Visual Studio 2010
Project("{FAE04EC0-301F-11D3-BF4B-00C04F79EFBC}") = "PAXRecuperacionSOAPBateriaGT", "PAXRecuperacionSOAPBateriaGT\PAXRecuperacionSOAPBateriaGT.csproj", "{A1458DA1-63C6-404C-A4FB-F78AE69A108D}"
EndProject
Global
	GlobalSection(TeamFoundationVersionControl) = preSolution
		SccNumberOfProjects = 2
		SccEnterpriseProvider = {4CA58AB2-18FA-4F8D-95D4-32DDF27D184C}
		SccTeamFoundationServer = http://192.168.3.105:8080/tfs/team-practicas
		SccLocalPath0 = .
		SccProjectUniqueName1 = PAXRecuperacionSOAPBateriaGT\\PAXRecuperacionSOAPBateriaGT.csproj
		SccProjectName1 = PAXRecuperacionSOAPBateriaGT
		SccLocalPath1 = PAXRecuperacionSOAPBateriaGT
	EndGlobalSection
	GlobalSection(SolutionConfigurationPlatforms) = preSolution
		Debug|x86 = Debug|x86
		Release|x86 = Release|x86
	EndGlobalSection
	GlobalSection(ProjectConfigurationPlatforms) = postSolution
		{A1458DA1-63C6-404C-A4FB-F78AE69A108D}.Debug|x86.ActiveCfg = Debug|x86
		{A1458DA1-63C6-404C-A4FB-F78AE69A108D}.Debug|x86.Build.0 = Debug|x86
		{A1458DA1-63C6-404C-A4FB-F78AE69A108D}.Release|x86.ActiveCfg = Release|x86
		{A1458DA1-63C6-404C-A4FB-F78AE69A108D}.Release|x86.Build.0 = Release|x86
	EndGlobalSection
	GlobalSection(SolutionProperties) = preSolution
		HideSolutionNode = FALSE
	EndGlobalSection
EndGlobal
