
Microsoft Visual Studio Solution File, Format Version 11.00
# Visual Studio 2010
Project("{E24C65DC-7377-472B-9ABA-BC803B73C61A}") = "AlitasJuarezFranquicias", "AlitasJuarezFranquicias", "{51817E73-9625-4D14-B84B-8685D657845D}"
	ProjectSection(WebsiteProperties) = preProject
		SccProjectName = "SAK"
		SccAuxPath = "SAK"
		SccLocalPath = "SAK"
		SccProvider = "SAK"
		TargetFrameworkMoniker = ".NETFramework,Version%3Dv4.0"
		Debug.AspNetCompiler.VirtualPath = "/AlitasJuarezFranquicias"
		Debug.AspNetCompiler.PhysicalPath = "AlitasJuarezFranquicias\"
		Debug.AspNetCompiler.TargetPath = "PrecompiledWeb\AlitasJuarezFranquicias\"
		Debug.AspNetCompiler.Updateable = "true"
		Debug.AspNetCompiler.ForceOverwrite = "true"
		Debug.AspNetCompiler.FixedNames = "false"
		Debug.AspNetCompiler.Debug = "True"
		Release.AspNetCompiler.VirtualPath = "/AlitasJuarezFranquicias"
		Release.AspNetCompiler.PhysicalPath = "AlitasJuarezFranquicias\"
		Release.AspNetCompiler.TargetPath = "PrecompiledWeb\AlitasJuarezFranquicias\"
		Release.AspNetCompiler.Updateable = "true"
		Release.AspNetCompiler.ForceOverwrite = "true"
		Release.AspNetCompiler.FixedNames = "false"
		Release.AspNetCompiler.Debug = "False"
		VWDPort = "52920"
	EndProjectSection
EndProject
Global
	GlobalSection(TeamFoundationVersionControl) = preSolution
		SccNumberOfProjects = 2
		SccEnterpriseProvider = {4CA58AB2-18FA-4F8D-95D4-32DDF27D184C}
		SccTeamFoundationServer = http://192.168.2.13:8080/tfs/team-practicas
		SccLocalPath0 = .
		SccWebProject1 = true
		SccProjectUniqueName1 = D:\\Proyectos\u0020Ivan\\AlitasJuarezFranquicias
		SccProjectName1 = AlitasJuarezFranquicias
		SccLocalPath1 = D:\\Proyectos\u0020Ivan\\AlitasJuarezFranquicias\\
		SccProjectEnlistmentChoice1 = 2
	EndGlobalSection
	GlobalSection(SolutionConfigurationPlatforms) = preSolution
		Debug|Any CPU = Debug|Any CPU
	EndGlobalSection
	GlobalSection(ProjectConfigurationPlatforms) = postSolution
		{51817E73-9625-4D14-B84B-8685D657845D}.Debug|Any CPU.ActiveCfg = Debug|Any CPU
		{51817E73-9625-4D14-B84B-8685D657845D}.Debug|Any CPU.Build.0 = Debug|Any CPU
	EndGlobalSection
	GlobalSection(SolutionProperties) = preSolution
		HideSolutionNode = FALSE
	EndGlobalSection
EndGlobal
