
Microsoft Visual Studio Solution File, Format Version 11.00
# Visual Studio 2010
Project("{FAE04EC0-301F-11D3-BF4B-00C04F79EFBC}") = "ConsultaMasiva_Nadro", "ConsultaMasiva_Nadro\ConsultaMasiva_Nadro.csproj", "{F552FA68-81C9-42D9-833A-061A469319E9}"
EndProject
Global
	GlobalSection(TeamFoundationVersionControl) = preSolution
		SccNumberOfProjects = 2
		SccEnterpriseProvider = {4CA58AB2-18FA-4F8D-95D4-32DDF27D184C}
		SccTeamFoundationServer = http://192.168.3.105:8080/tfs/team-practicas
		SccLocalPath0 = .
		SccProjectUniqueName1 = ConsultaMasiva_Nadro\\ConsultaMasiva_Nadro.csproj
		SccProjectName1 = ConsultaMasiva_Nadro
		SccLocalPath1 = ConsultaMasiva_Nadro
	EndGlobalSection
	GlobalSection(SolutionConfigurationPlatforms) = preSolution
		Debug|x86 = Debug|x86
		Release|x86 = Release|x86
	EndGlobalSection
	GlobalSection(ProjectConfigurationPlatforms) = postSolution
		{F552FA68-81C9-42D9-833A-061A469319E9}.Debug|x86.ActiveCfg = Debug|x86
		{F552FA68-81C9-42D9-833A-061A469319E9}.Debug|x86.Build.0 = Debug|x86
		{F552FA68-81C9-42D9-833A-061A469319E9}.Release|x86.ActiveCfg = Release|x86
		{F552FA68-81C9-42D9-833A-061A469319E9}.Release|x86.Build.0 = Release|x86
	EndGlobalSection
	GlobalSection(SolutionProperties) = preSolution
		HideSolutionNode = FALSE
	EndGlobalSection
EndGlobal
