
Microsoft Visual Studio Solution File, Format Version 11.00
# Visual Studio 2010
Project("{F184B08F-C81C-45F6-A57F-5ABD9991F28F}") = "CambiarPWDHSM", "CambiarPWDHSM\CambiarPWDHSM.vbproj", "{7446BC5B-F9D1-4AAD-8665-1595EE98945E}"
EndProject
Global
	GlobalSection(TeamFoundationVersionControl) = preSolution
		SccNumberOfProjects = 2
		SccEnterpriseProvider = {4CA58AB2-18FA-4F8D-95D4-32DDF27D184C}
		SccTeamFoundationServer = http://192.168.3.105:8080/tfs/team-practicas
		SccLocalPath0 = .
		SccProjectUniqueName1 = CambiarPWDHSM\\CambiarPWDHSM.vbproj
		SccProjectName1 = CambiarPWDHSM
		SccLocalPath1 = CambiarPWDHSM
	EndGlobalSection
	GlobalSection(SolutionConfigurationPlatforms) = preSolution
		Debug|x86 = Debug|x86
		Release|x86 = Release|x86
	EndGlobalSection
	GlobalSection(ProjectConfigurationPlatforms) = postSolution
		{7446BC5B-F9D1-4AAD-8665-1595EE98945E}.Debug|x86.ActiveCfg = Debug|x86
		{7446BC5B-F9D1-4AAD-8665-1595EE98945E}.Debug|x86.Build.0 = Debug|x86
		{7446BC5B-F9D1-4AAD-8665-1595EE98945E}.Release|x86.ActiveCfg = Release|x86
		{7446BC5B-F9D1-4AAD-8665-1595EE98945E}.Release|x86.Build.0 = Release|x86
	EndGlobalSection
	GlobalSection(SolutionProperties) = preSolution
		HideSolutionNode = FALSE
	EndGlobalSection
EndGlobal
