
Microsoft Visual Studio Solution File, Format Version 11.00
# Visual Studio 2010
Project("{FAE04EC0-301F-11D3-BF4B-00C04F79EFBC}") = "wsActividad", "wsActividad\wsActividad.csproj", "{A6328B05-6D82-4F01-97B9-B0CC18F0566D}"
EndProject
Global
	GlobalSection(TeamFoundationVersionControl) = preSolution
		SccNumberOfProjects = 2
		SccEnterpriseProvider = {4CA58AB2-18FA-4F8D-95D4-32DDF27D184C}
		SccTeamFoundationServer = http://192.168.3.105:8080/tfs/team-practicas
		SccLocalPath0 = .
		SccProjectUniqueName1 = wsActividad\\wsActividad.csproj
		SccProjectName1 = wsActividad
		SccLocalPath1 = wsActividad
	EndGlobalSection
	GlobalSection(SolutionConfigurationPlatforms) = preSolution
		Debug|Any CPU = Debug|Any CPU
		Release|Any CPU = Release|Any CPU
	EndGlobalSection
	GlobalSection(ProjectConfigurationPlatforms) = postSolution
		{A6328B05-6D82-4F01-97B9-B0CC18F0566D}.Debug|Any CPU.ActiveCfg = Debug|Any CPU
		{A6328B05-6D82-4F01-97B9-B0CC18F0566D}.Debug|Any CPU.Build.0 = Debug|Any CPU
		{A6328B05-6D82-4F01-97B9-B0CC18F0566D}.Release|Any CPU.ActiveCfg = Release|Any CPU
		{A6328B05-6D82-4F01-97B9-B0CC18F0566D}.Release|Any CPU.Build.0 = Release|Any CPU
	EndGlobalSection
	GlobalSection(SolutionProperties) = preSolution
		HideSolutionNode = FALSE
	EndGlobalSection
EndGlobal
