
Microsoft Visual Studio Solution File, Format Version 11.00
# Visual Studio 2010
Project("{FAE04EC0-301F-11D3-BF4B-00C04F79EFBC}") = "PruebaGob", "PruebaGob\PruebaGob.csproj", "{10B854E1-FF9D-4DE5-9A8F-24CCDA9D45E8}"
EndProject
Global
	GlobalSection(TeamFoundationVersionControl) = preSolution
		SccNumberOfProjects = 2
		SccEnterpriseProvider = {4CA58AB2-18FA-4F8D-95D4-32DDF27D184C}
		SccTeamFoundationServer = http://192.168.3.105:8080/tfs/team-practicas
		SccLocalPath0 = .
		SccProjectUniqueName1 = PruebaGob\\PruebaGob.csproj
		SccProjectName1 = PruebaGob
		SccLocalPath1 = PruebaGob
	EndGlobalSection
	GlobalSection(SolutionConfigurationPlatforms) = preSolution
		Debug|x86 = Debug|x86
		Release|x86 = Release|x86
	EndGlobalSection
	GlobalSection(ProjectConfigurationPlatforms) = postSolution
		{10B854E1-FF9D-4DE5-9A8F-24CCDA9D45E8}.Debug|x86.ActiveCfg = Debug|x86
		{10B854E1-FF9D-4DE5-9A8F-24CCDA9D45E8}.Debug|x86.Build.0 = Debug|x86
		{10B854E1-FF9D-4DE5-9A8F-24CCDA9D45E8}.Release|x86.ActiveCfg = Release|x86
		{10B854E1-FF9D-4DE5-9A8F-24CCDA9D45E8}.Release|x86.Build.0 = Release|x86
	EndGlobalSection
	GlobalSection(SolutionProperties) = preSolution
		HideSolutionNode = FALSE
	EndGlobalSection
EndGlobal
