
Microsoft Visual Studio Solution File, Format Version 11.00
# Visual Studio 2010
Project("{FAE04EC0-301F-11D3-BF4B-00C04F79EFBC}") = "clsPlantillaNomina2", "clsPlantillaNomina2\clsPlantillaNomina2.csproj", "{08A35A5E-A73C-4DCB-8AC3-B3F23A446C35}"
EndProject
Global
	GlobalSection(TeamFoundationVersionControl) = preSolution
		SccNumberOfProjects = 2
		SccEnterpriseProvider = {4CA58AB2-18FA-4F8D-95D4-32DDF27D184C}
		SccTeamFoundationServer = http://192.168.3.105:8080/tfs/team-practicas
		SccLocalPath0 = .
		SccProjectUniqueName1 = clsPlantillaNomina2\\clsPlantillaNomina2.csproj
		SccProjectName1 = clsPlantillaNomina2
		SccLocalPath1 = clsPlantillaNomina2
	EndGlobalSection
	GlobalSection(SolutionConfigurationPlatforms) = preSolution
		Debug|x86 = Debug|x86
		Release|x86 = Release|x86
	EndGlobalSection
	GlobalSection(ProjectConfigurationPlatforms) = postSolution
		{08A35A5E-A73C-4DCB-8AC3-B3F23A446C35}.Debug|x86.ActiveCfg = Debug|x86
		{08A35A5E-A73C-4DCB-8AC3-B3F23A446C35}.Debug|x86.Build.0 = Debug|x86
		{08A35A5E-A73C-4DCB-8AC3-B3F23A446C35}.Release|x86.ActiveCfg = Release|x86
		{08A35A5E-A73C-4DCB-8AC3-B3F23A446C35}.Release|x86.Build.0 = Release|x86
	EndGlobalSection
	GlobalSection(SolutionProperties) = preSolution
		HideSolutionNode = FALSE
	EndGlobalSection
EndGlobal
