
Microsoft Visual Studio Solution File, Format Version 11.00
# Visual Studio 2010
Project("{F184B08F-C81C-45F6-A57F-5ABD9991F28F}") = "SolucionPruebas.Negocios.Validacion", "SolucionPruebas.Negocios.Validacion\SolucionPruebas.Negocios.Validacion.vbproj", "{F15E4F7B-299D-47A0-A088-1EF0F48A0078}"
EndProject
Project("{FAE04EC0-301F-11D3-BF4B-00C04F79EFBC}") = "SolucionPruebas.Presentacion.WindowsForms", "SolucionPruebas.Presentacion.WindowsForms\SolucionPruebas.Presentacion.WindowsForms.csproj", "{E98E06D4-EC58-48C4-81D2-ABADA10EDD90}"
EndProject
Project("{FAE04EC0-301F-11D3-BF4B-00C04F79EFBC}") = "SolucionPruebas.Presentacion.ConsoleApplication", "SolucionPruebas.Presentacion.ConsoleApplication\SolucionPruebas.Presentacion.ConsoleApplication.csproj", "{DAD113B1-8B74-4191-81C3-F194299A35C5}"
EndProject
Project("{FAE04EC0-301F-11D3-BF4B-00C04F79EFBC}") = "SolucionPruebas.Presentacion.Servicios", "SolucionPruebas.Presentacion.Servicios\SolucionPruebas.Presentacion.Servicios.csproj", "{B82D0D7B-DE07-46D4-A3AB-7790CE53F11A}"
	ProjectSection(ProjectDependencies) = postProject
		{3040444E-16FB-4747-8A1D-B98B62848D63} = {3040444E-16FB-4747-8A1D-B98B62848D63}
	EndProjectSection
EndProject
Project("{2150E333-8FDC-42A3-9474-1A3956D46DE8}") = "1 SolucionPruebas.Presentacion", "1 SolucionPruebas.Presentacion", "{FC657DD6-B855-4AA6-A16D-E82ADD1CF83D}"
EndProject
Project("{2150E333-8FDC-42A3-9474-1A3956D46DE8}") = "Web", "Web", "{04BCFE6F-AC56-4448-93C9-C5EA1205B56C}"
EndProject
Project("{2150E333-8FDC-42A3-9474-1A3956D46DE8}") = "Windows", "Windows", "{ADC651F7-D2BF-490C-867B-CE5609469624}"
EndProject
Project("{2150E333-8FDC-42A3-9474-1A3956D46DE8}") = "Console", "Console", "{4928668D-5EBB-4986-B981-BEC040767A8C}"
EndProject
Project("{2150E333-8FDC-42A3-9474-1A3956D46DE8}") = "2 SolucionPruebas.Servicios", "2 SolucionPruebas.Servicios", "{A951D6AA-428B-4966-842B-9CD950A6C8EE}"
EndProject
Project("{FAE04EC0-301F-11D3-BF4B-00C04F79EFBC}") = "SolucionPruebas.Servicios.Servicios", "SolucionPruebas.Servicios.Servicios\SolucionPruebas.Servicios.Servicios.csproj", "{3040444E-16FB-4747-8A1D-B98B62848D63}"
EndProject
Project("{FAE04EC0-301F-11D3-BF4B-00C04F79EFBC}") = "SolucionPruebas.Servicios.Modulos", "SolucionPruebas.Servicios.Modulos\SolucionPruebas.Servicios.Modulos.csproj", "{DE96A5BD-80BA-4502-8343-6BF3043A0721}"
EndProject
Project("{FAE04EC0-301F-11D3-BF4B-00C04F79EFBC}") = "SolucionPruebas.Presentacion.Web", "SolucionPruebas.Presentacion.Web\SolucionPruebas.Presentacion.Web.csproj", "{4101F969-86FA-4CD1-92A3-B5909BF16480}"
EndProject
Project("{2150E333-8FDC-42A3-9474-1A3956D46DE8}") = "3 SolucionPruebas.Negocios", "3 SolucionPruebas.Negocios", "{F12F11CD-E48A-4574-83E6-E8BBE6919F59}"
EndProject
Project("{FAE04EC0-301F-11D3-BF4B-00C04F79EFBC}") = "SolucionPruebas.Negocios", "SolucionPruebas.Negocios\SolucionPruebas.Negocios.csproj", "{F32D1AA6-D083-4FC4-99AA-E35D296AE60A}"
EndProject
Project("{2150E333-8FDC-42A3-9474-1A3956D46DE8}") = "Windows Service", "Windows Service", "{B3212509-EF3D-4774-B612-6AA107CD80E8}"
EndProject
Project("{FAE04EC0-301F-11D3-BF4B-00C04F79EFBC}") = "SolucionPruebas.WindowsService", "SolucionPruebas.WindowsService\SolucionPruebas.WindowsService.csproj", "{E3A39892-390C-4FA2-8DA9-42F9211B7711}"
EndProject
Project("{54435603-DBB4-11D2-8724-00A0C9A8B90C}") = "SolucionPruebas.Instalador", "SolucionPruebas.Instalador\SolucionPruebas.Instalador.vdproj", "{32E02884-E4F7-436F-9118-EC74ADEE420E}"
EndProject
Project("{2150E333-8FDC-42A3-9474-1A3956D46DE8}") = "4 SolucionPruebas.AccesoDatos", "4 SolucionPruebas.AccesoDatos", "{F4EA41AE-3208-44CC-821D-C6B8938EF9C3}"
EndProject
Project("{FAE04EC0-301F-11D3-BF4B-00C04F79EFBC}") = "SolucionPruebas.AccesoDatos", "SolucionPruebas.AccesoDatos\SolucionPruebas.AccesoDatos.csproj", "{5DAC5BC7-A86B-44A4-8D14-9D7A54BF1A22}"
EndProject
Project("{2150E333-8FDC-42A3-9474-1A3956D46DE8}") = "5 Entidades", "5 Entidades", "{327B6954-DB06-4FEB-959D-F723851BA422}"
EndProject
Project("{FAE04EC0-301F-11D3-BF4B-00C04F79EFBC}") = "SolucionPruebas.Entidades", "SolucionPruebas.Entidades\SolucionPruebas.Entidades.csproj", "{78FB21BA-3E6A-4AA6-9E4D-CDDDE4225681}"
EndProject
Project("{2150E333-8FDC-42A3-9474-1A3956D46DE8}") = "Instaladores", "Instaladores", "{F1A347C1-11A4-41F8-9E1B-1A511E979F4B}"
EndProject
Project("{FAE04EC0-301F-11D3-BF4B-00C04F79EFBC}") = "SolucionPruebas.GeneradorComprobantes", "SolucionPruebas.GeneradorComprobantes\SolucionPruebas.GeneradorComprobantes.csproj", "{823E6D8B-5BCD-42B3-A898-03C8C75E9658}"
EndProject
Project("{FAE04EC0-301F-11D3-BF4B-00C04F79EFBC}") = "SolucionPruebas.WindowsService.ActualizaComprobante", "SolucionPruebas.WindowsService.ActualizaComprobante\SolucionPruebas.WindowsService.ActualizaComprobante.csproj", "{F73328EA-5E18-4BFF-B3C7-0D3C316064F2}"
EndProject
Project("{FAE04EC0-301F-11D3-BF4B-00C04F79EFBC}") = "SolucionPruebas.WindowsService.EnviadorComprobantes", "SolucionPruebas.WindowsService.EnviadorComprobantes\SolucionPruebas.WindowsService.EnviadorComprobantes.csproj", "{98D5388D-594A-4FE5-8788-D5706C51000B}"
EndProject
Project("{FAE04EC0-301F-11D3-BF4B-00C04F79EFBC}") = "SolucionPruebas.Presentacion.WindowsForms1", "SolucionPruebas.Presentacion.WindowsForms1\SolucionPruebas.Presentacion.WindowsForms1.csproj", "{5AF7F14D-F599-4775-AC00-9248849C5769}"
EndProject
Project("{2150E333-8FDC-42A3-9474-1A3956D46DE8}") = "Solution Items", "Solution Items", "{6994CBAE-4A13-4233-9C80-B1517991D417}"
	ProjectSection(SolutionItems) = preProject
		logo_pax.jpg = logo_pax.jpg
	EndProjectSection
EndProject
Project("{FAE04EC0-301F-11D3-BF4B-00C04F79EFBC}") = "SolucionPruebas.WindowsService.GeneradorComprobantesHilos", "SolucionPruebas.WindowsService.GeneradorComprobantesHilos\SolucionPruebas.WindowsService.GeneradorComprobantesHilos.csproj", "{E3A2A903-E9BD-46A9-A33C-B87C309235B3}"
EndProject
Project("{F088123C-0E9E-452A-89E6-6BA2F21D5CAC}") = "SolucionPruebas.Modelado", "SolucionPruebas.Modelado\SolucionPruebas.Modelado.modelproj", "{8B893304-F5D5-465C-9F21-49857E7FB2B4}"
EndProject
Project("{FAE04EC0-301F-11D3-BF4B-00C04F79EFBC}") = "SolucionPruebas.Presentacion.ConsoleApplication.Diagramas", "SolucionPruebas.Presentacion.ConsoleApplication.Diagramas\SolucionPruebas.Presentacion.ConsoleApplication.Diagramas.csproj", "{9B976E9C-818D-49A0-AC97-F17A825D2ED7}"
EndProject
Project("{FAE04EC0-301F-11D3-BF4B-00C04F79EFBC}") = "SolucionPruebas.Modelado.CommandExtension", "SolucionPruebas.Modelado.CommandExtension\SolucionPruebas.Modelado.CommandExtension.csproj", "{18C08B0D-B15D-45B7-9604-A00346F69C01}"
EndProject
Project("{C8D11400-126E-41CD-887F-60BD40844F9E}") = "SolucionPruebas.AccesoDatosPruebasUnitarias", "SolucionPruebas.AccesoDatosPruebasUnitarias\SolucionPruebas.AccesoDatosPruebasUnitarias.dbproj", "{67CBC824-A49E-4E9B-A947-360F3DFE65C3}"
EndProject
Project("{FAE04EC0-301F-11D3-BF4B-00C04F79EFBC}") = "SolucionPruebas.Presentacion.TimbradoIBM", "SolucionPruebas.Presentacion.TimbradoIBM\SolucionPruebas.Presentacion.TimbradoIBM.csproj", "{958609AC-9605-4DB0-B566-2E95BF4B989A}"
EndProject
Project("{FAE04EC0-301F-11D3-BF4B-00C04F79EFBC}") = "SolucionPruebas.Servicios.ConfirmacionUsuario", "SolucionPruebas.Servicios.ConfirmacionUsuario\SolucionPruebas.Servicios.ConfirmacionUsuario.csproj", "{041AC7E3-09FD-4A37-A7FD-D13E76604F24}"
EndProject
Project("{FAE04EC0-301F-11D3-BF4B-00C04F79EFBC}") = "SolucionPruebas.Presentacion.ConsoleApplication.Autenticacion", "SolucionPruebas.Presentacion.ConsoleApplication.Autenticacion\SolucionPruebas.Presentacion.ConsoleApplication.Autenticacion.csproj", "{4892F867-45E1-4E4F-8137-B366BBB3E1F3}"
EndProject
Project("{FAE04EC0-301F-11D3-BF4B-00C04F79EFBC}") = "SolucionPruebas.Presentacion.ConsoleApplication.Encriptacion", "SolucionPruebas.Presentacion.ConsoleApplication.Encriptacion\SolucionPruebas.Presentacion.ConsoleApplication.Encriptacion.csproj", "{C59ED182-A06D-4D3D-A91F-A8EDB00FA337}"
EndProject
Project("{FAE04EC0-301F-11D3-BF4B-00C04F79EFBC}") = "SolucionPruebas.Presentacion.ConsoleApplication.EnvioCorreo", "SolucionPruebas.Presentacion.ConsoleApplication.EnvioCorreo\SolucionPruebas.Presentacion.ConsoleApplication.EnvioCorreo.csproj", "{91C60ACF-78D9-433C-87FF-4DE33CC23B51}"
EndProject
Project("{FAE04EC0-301F-11D3-BF4B-00C04F79EFBC}") = "SolucionPruebas.Presentacion.ConsoleApplication.ValidacionINE", "SolucionPruebas.Presentacion.ConsoleApplication.ValidacionINE\SolucionPruebas.Presentacion.ConsoleApplication.ValidacionINE.csproj", "{973E68E6-B12B-4212-ABEF-23322E1DC7DA}"
EndProject
Project("{2150E333-8FDC-42A3-9474-1A3956D46DE8}") = "SolucionPruebas.Presentacion.MVC", "SolucionPruebas.Presentacion.MVC", "{CC5447AD-EBB3-4414-96D2-FC6069738139}"
EndProject
Project("{FAE04EC0-301F-11D3-BF4B-00C04F79EFBC}") = "SolucionPruebas.Presentacion.MVC.Pelicula", "SolucionPruebas.Presentacion.MVC.Pelicula\SolucionPruebas.Presentacion.MVC.Pelicula.csproj", "{55E0DA15-5F7B-4C59-A1D6-97B5FC433E66}"
EndProject
Project("{E24C65DC-7377-472B-9ABA-BC803B73C61A}") = "SolucionPruebas.Solucion.Web.CapturaComplementos", "SolucionPruebas.Presentacion.Web\SolucionPruebas.Solucion.Web.CapturaComplementos", "{B02413D8-307F-41CE-AE64-0C32BA801CA0}"
	ProjectSection(WebsiteProperties) = preProject
		SccProjectName = "SAK"
		SccAuxPath = "SAK"
		SccLocalPath = "SAK"
		SccProvider = "SAK"
		TargetFrameworkMoniker = ".NETFramework,Version%3Dv4.0"
		Debug.AspNetCompiler.VirtualPath = "/SolucionPruebas.Solucion.Web.CapturaComplementos"
		Debug.AspNetCompiler.PhysicalPath = "SolucionPruebas.Presentacion.Web\SolucionPruebas.Solucion.Web.CapturaComplementos\"
		Debug.AspNetCompiler.TargetPath = "PrecompiledWeb\SolucionPruebas.Solucion.Web.CapturaComplementos\"
		Debug.AspNetCompiler.Updateable = "true"
		Debug.AspNetCompiler.ForceOverwrite = "true"
		Debug.AspNetCompiler.FixedNames = "false"
		Debug.AspNetCompiler.Debug = "True"
		Release.AspNetCompiler.VirtualPath = "/SolucionPruebas.Solucion.Web.CapturaComplementos"
		Release.AspNetCompiler.PhysicalPath = "SolucionPruebas.Presentacion.Web\SolucionPruebas.Solucion.Web.CapturaComplementos\"
		Release.AspNetCompiler.TargetPath = "PrecompiledWeb\SolucionPruebas.Solucion.Web.CapturaComplementos\"
		Release.AspNetCompiler.Updateable = "true"
		Release.AspNetCompiler.ForceOverwrite = "true"
		Release.AspNetCompiler.FixedNames = "false"
		Release.AspNetCompiler.Debug = "False"
		VWDPort = "41135"
		DefaultWebSiteLanguage = "Visual C#"
	EndProjectSection
EndProject
Project("{FAE04EC0-301F-11D3-BF4B-00C04F79EFBC}") = "SolucionPruebas.Negocios.ExpresionesRegulares", "SolucionPruebas.Negocios.ExpresionesRegulares\SolucionPruebas.Negocios.ExpresionesRegulares.csproj", "{A34DFF04-F7C3-4DA3-A86C-730555DFCB40}"
EndProject
Project("{E24C65DC-7377-472B-9ABA-BC803B73C61A}") = "SolucionPruebas.Presentacion.Web.EntregaSAT", "SolucionPruebas.Presentacion.Web.EntregaSAT", "{126FE33E-9C5F-4FA8-B899-E807A9C8A5C4}"
	ProjectSection(WebsiteProperties) = preProject
		SccProjectName = "SAK"
		SccAuxPath = "SAK"
		SccLocalPath = "SAK"
		SccProvider = "SAK"
		TargetFrameworkMoniker = ".NETFramework,Version%3Dv4.0"
		Debug.AspNetCompiler.VirtualPath = "/SolucionPruebas.Presentacion.Web.EntregaSAT"
		Debug.AspNetCompiler.PhysicalPath = "SolucionPruebas.Presentacion.Web.EntregaSAT\"
		Debug.AspNetCompiler.TargetPath = "PrecompiledWeb\SolucionPruebas.Presentacion.Web.EntregaSAT\"
		Debug.AspNetCompiler.Updateable = "true"
		Debug.AspNetCompiler.ForceOverwrite = "true"
		Debug.AspNetCompiler.FixedNames = "false"
		Debug.AspNetCompiler.Debug = "True"
		Release.AspNetCompiler.VirtualPath = "/SolucionPruebas.Presentacion.Web.EntregaSAT"
		Release.AspNetCompiler.PhysicalPath = "SolucionPruebas.Presentacion.Web.EntregaSAT\"
		Release.AspNetCompiler.TargetPath = "PrecompiledWeb\SolucionPruebas.Presentacion.Web.EntregaSAT\"
		Release.AspNetCompiler.Updateable = "true"
		Release.AspNetCompiler.ForceOverwrite = "true"
		Release.AspNetCompiler.FixedNames = "false"
		Release.AspNetCompiler.Debug = "False"
		VWDPort = "5762"
		DefaultWebSiteLanguage = "Visual C#"
	EndProjectSection
EndProject
Project("{E24C65DC-7377-472B-9ABA-BC803B73C61A}") = "SolucionPruebas.Presentacion.Web.AjaxControlToolkit", "SolucionPruebas.Presentacion.Web\SolucionPruebas.Presentacion.Web.AjaxControlToolkit", "{A59E9C37-7310-43C3-8A8C-8D8945FD6980}"
	ProjectSection(WebsiteProperties) = preProject
		SccProjectName = "SAK"
		SccAuxPath = "SAK"
		SccLocalPath = "SAK"
		SccProvider = "SAK"
		TargetFrameworkMoniker = ".NETFramework,Version%3Dv4.0"
		Debug.AspNetCompiler.VirtualPath = "/SolucionPruebas.Presentacion.Web.AjaxControlToolkit"
		Debug.AspNetCompiler.PhysicalPath = "SolucionPruebas.Presentacion.Web\SolucionPruebas.Presentacion.Web.AjaxControlToolkit\"
		Debug.AspNetCompiler.TargetPath = "PrecompiledWeb\SolucionPruebas.Presentacion.Web.AjaxControlToolkit\"
		Debug.AspNetCompiler.Updateable = "true"
		Debug.AspNetCompiler.ForceOverwrite = "true"
		Debug.AspNetCompiler.FixedNames = "false"
		Debug.AspNetCompiler.Debug = "True"
		Release.AspNetCompiler.VirtualPath = "/SolucionPruebas.Presentacion.Web.AjaxControlToolkit"
		Release.AspNetCompiler.PhysicalPath = "SolucionPruebas.Presentacion.Web\SolucionPruebas.Presentacion.Web.AjaxControlToolkit\"
		Release.AspNetCompiler.TargetPath = "PrecompiledWeb\SolucionPruebas.Presentacion.Web.AjaxControlToolkit\"
		Release.AspNetCompiler.Updateable = "true"
		Release.AspNetCompiler.ForceOverwrite = "true"
		Release.AspNetCompiler.FixedNames = "false"
		Release.AspNetCompiler.Debug = "False"
		VWDPort = "38833"
		DefaultWebSiteLanguage = "Visual C#"
	EndProjectSection
EndProject
Project("{FAE04EC0-301F-11D3-BF4B-00C04F79EFBC}") = "SolucionPruebas.Presentacion.MVC.Mapas", "SolucionPruebas.Presentacion.MVC.Mapas\SolucionPruebas.Presentacion.MVC.Mapas.csproj", "{635F6EA6-FB19-4B53-A3BE-675EAAEDD0DE}"
EndProject
Project("{FAE04EC0-301F-11D3-BF4B-00C04F79EFBC}") = "SolucionPruebas.Presentacion.MVC.Mapas.Tests", "SolucionPruebas.Presentacion.MVC.Mapas.Tests\SolucionPruebas.Presentacion.MVC.Mapas.Tests.csproj", "{9221E05B-4931-412E-A904-F7BE08B69101}"
EndProject
Project("{FAE04EC0-301F-11D3-BF4B-00C04F79EFBC}") = "SolucionPruebas.Presentacion.MVC.Autenticacion", "SolucionPruebas.Presentacion.MVC.Autenticacion\SolucionPruebas.Presentacion.MVC.Autenticacion.csproj", "{D5B5EC2E-E5F3-4B03-8EA3-398FE4C4C7F4}"
EndProject
Global
	GlobalSection(TeamFoundationVersionControl) = preSolution
		SccNumberOfProjects = 36
		SccEnterpriseProvider = {4CA58AB2-18FA-4F8D-95D4-32DDF27D184C}
		SccTeamFoundationServer = http://192.168.3.105:8080/tfs/team-practicas
		SccLocalPath0 = .
		SccProjectUniqueName1 = SolucionPruebas.AccesoDatos\\SolucionPruebas.AccesoDatos.csproj
		SccProjectTopLevelParentUniqueName1 = SolucionPruebas.sln
		SccProjectName1 = SolucionPruebas.AccesoDatos
		SccLocalPath1 = SolucionPruebas.AccesoDatos
		SccProjectUniqueName2 = SolucionPruebas.Entidades\\SolucionPruebas.Entidades.csproj
		SccProjectTopLevelParentUniqueName2 = SolucionPruebas.sln
		SccProjectName2 = SolucionPruebas.Entidades
		SccLocalPath2 = SolucionPruebas.Entidades
		SccProjectUniqueName3 = SolucionPruebas.Instalador\\SolucionPruebas.Instalador.vdproj
		SccProjectTopLevelParentUniqueName3 = SolucionPruebas.sln
		SccProjectName3 = SolucionPruebas.Instalador
		SccLocalPath3 = SolucionPruebas.Instalador
		SccProjectUniqueName4 = SolucionPruebas.Negocios.Validacion\\SolucionPruebas.Negocios.Validacion.vbproj
		SccProjectTopLevelParentUniqueName4 = SolucionPruebas.sln
		SccProjectName4 = SolucionPruebas.Negocios.Validacion
		SccLocalPath4 = SolucionPruebas.Negocios.Validacion
		SccProjectUniqueName5 = SolucionPruebas.Negocios\\SolucionPruebas.Negocios.csproj
		SccProjectTopLevelParentUniqueName5 = SolucionPruebas.sln
		SccProjectName5 = SolucionPruebas.Negocios
		SccLocalPath5 = SolucionPruebas.Negocios
		SccProjectUniqueName6 = SolucionPruebas.Presentacion.ConsoleApplication\\SolucionPruebas.Presentacion.ConsoleApplication.csproj
		SccProjectTopLevelParentUniqueName6 = SolucionPruebas.sln
		SccProjectName6 = SolucionPruebas.Presentacion.ConsoleApplication
		SccLocalPath6 = SolucionPruebas.Presentacion.ConsoleApplication
		SccProjectUniqueName7 = SolucionPruebas.Presentacion.Servicios\\SolucionPruebas.Presentacion.Servicios.csproj
		SccProjectTopLevelParentUniqueName7 = SolucionPruebas.sln
		SccProjectName7 = SolucionPruebas.Presentacion.Servicios
		SccLocalPath7 = SolucionPruebas.Presentacion.Servicios
		SccProjectUniqueName8 = SolucionPruebas.Presentacion.Web\\SolucionPruebas.Presentacion.Web.csproj
		SccProjectTopLevelParentUniqueName8 = SolucionPruebas.sln
		SccProjectName8 = SolucionPruebas.Presentacion.Web
		SccLocalPath8 = SolucionPruebas.Presentacion.Web
		SccProjectUniqueName9 = SolucionPruebas.Presentacion.WindowsForms\\SolucionPruebas.Presentacion.WindowsForms.csproj
		SccProjectTopLevelParentUniqueName9 = SolucionPruebas.sln
		SccProjectName9 = SolucionPruebas.Presentacion.WindowsForms
		SccLocalPath9 = SolucionPruebas.Presentacion.WindowsForms
		SccProjectUniqueName10 = SolucionPruebas.Servicios.Modulos\\SolucionPruebas.Servicios.Modulos.csproj
		SccProjectTopLevelParentUniqueName10 = SolucionPruebas.sln
		SccProjectName10 = SolucionPruebas.Servicios.Modulos
		SccLocalPath10 = SolucionPruebas.Servicios.Modulos
		SccProjectUniqueName11 = SolucionPruebas.Servicios.Servicios\\SolucionPruebas.Servicios.Servicios.csproj
		SccProjectTopLevelParentUniqueName11 = SolucionPruebas.sln
		SccProjectName11 = SolucionPruebas.Servicios.Servicios
		SccLocalPath11 = SolucionPruebas.Servicios.Servicios
		SccProjectUniqueName12 = SolucionPruebas.WindowsService\\SolucionPruebas.WindowsService.csproj
		SccProjectTopLevelParentUniqueName12 = SolucionPruebas.sln
		SccProjectName12 = SolucionPruebas.WindowsService
		SccLocalPath12 = SolucionPruebas.WindowsService
		SccProjectUniqueName13 = SolucionPruebas.GeneradorComprobantes\\SolucionPruebas.GeneradorComprobantes.csproj
		SccProjectTopLevelParentUniqueName13 = SolucionPruebas.sln
		SccProjectName13 = SolucionPruebas.GeneradorComprobantes
		SccLocalPath13 = SolucionPruebas.GeneradorComprobantes
		SccProjectUniqueName14 = SolucionPruebas.WindowsService.ActualizaComprobante\\SolucionPruebas.WindowsService.ActualizaComprobante.csproj
		SccProjectTopLevelParentUniqueName14 = SolucionPruebas.sln
		SccProjectName14 = SolucionPruebas.WindowsService.ActualizaComprobante
		SccLocalPath14 = SolucionPruebas.WindowsService.ActualizaComprobante
		SccProjectUniqueName15 = SolucionPruebas.WindowsService.EnviadorComprobantes\\SolucionPruebas.WindowsService.EnviadorComprobantes.csproj
		SccProjectTopLevelParentUniqueName15 = SolucionPruebas.sln
		SccProjectName15 = SolucionPruebas.WindowsService.EnviadorComprobantes
		SccLocalPath15 = SolucionPruebas.WindowsService.EnviadorComprobantes
		SccProjectUniqueName16 = SolucionPruebas.Presentacion.WindowsForms1\\SolucionPruebas.Presentacion.WindowsForms1.csproj
		SccProjectTopLevelParentUniqueName16 = SolucionPruebas.sln
		SccProjectName16 = SolucionPruebas.Presentacion.WindowsForms1
		SccLocalPath16 = SolucionPruebas.Presentacion.WindowsForms1
		SccProjectUniqueName17 = SolucionPruebas.WindowsService.GeneradorComprobantesHilos\\SolucionPruebas.WindowsService.GeneradorComprobantesHilos.csproj
		SccProjectTopLevelParentUniqueName17 = SolucionPruebas.sln
		SccProjectName17 = SolucionPruebas.WindowsService.GeneradorComprobantesHilos
		SccLocalPath17 = SolucionPruebas.WindowsService.GeneradorComprobantesHilos
		SccProjectUniqueName18 = SolucionPruebas.Modelado\\SolucionPruebas.Modelado.modelproj
		SccProjectName18 = SolucionPruebas.Modelado
		SccLocalPath18 = SolucionPruebas.Modelado
		SccProjectUniqueName19 = SolucionPruebas.Presentacion.ConsoleApplication.Diagramas\\SolucionPruebas.Presentacion.ConsoleApplication.Diagramas.csproj
		SccProjectTopLevelParentUniqueName19 = SolucionPruebas.sln
		SccProjectName19 = SolucionPruebas.Presentacion.ConsoleApplication.Diagramas
		SccLocalPath19 = SolucionPruebas.Presentacion.ConsoleApplication.Diagramas
		SccProjectUniqueName20 = SolucionPruebas.Modelado.CommandExtension\\SolucionPruebas.Modelado.CommandExtension.csproj
		SccProjectName20 = SolucionPruebas.Modelado.CommandExtension
		SccLocalPath20 = SolucionPruebas.Modelado.CommandExtension
		SccProjectUniqueName21 = SolucionPruebas.AccesoDatosPruebasUnitarias\\SolucionPruebas.AccesoDatosPruebasUnitarias.dbproj
		SccProjectTopLevelParentUniqueName21 = SolucionPruebas.sln
		SccProjectName21 = SolucionPruebas.AccesoDatosPruebasUnitarias
		SccLocalPath21 = SolucionPruebas.AccesoDatosPruebasUnitarias
		SccProjectUniqueName22 = SolucionPruebas.Presentacion.TimbradoIBM\\SolucionPruebas.Presentacion.TimbradoIBM.csproj
		SccProjectTopLevelParentUniqueName22 = SolucionPruebas.sln
		SccProjectName22 = SolucionPruebas.Presentacion.TimbradoIBM
		SccLocalPath22 = SolucionPruebas.Presentacion.TimbradoIBM
		SccProjectUniqueName23 = SolucionPruebas.Servicios.ConfirmacionUsuario\\SolucionPruebas.Servicios.ConfirmacionUsuario.csproj
		SccProjectTopLevelParentUniqueName23 = SolucionPruebas.sln
		SccProjectName23 = SolucionPruebas.Servicios.ConfirmacionUsuario
		SccLocalPath23 = SolucionPruebas.Servicios.ConfirmacionUsuario
		SccProjectUniqueName24 = SolucionPruebas.Presentacion.ConsoleApplication.Autenticacion\\SolucionPruebas.Presentacion.ConsoleApplication.Autenticacion.csproj
		SccProjectTopLevelParentUniqueName24 = SolucionPruebas.sln
		SccProjectName24 = SolucionPruebas.Presentacion.ConsoleApplication.Autenticacion
		SccLocalPath24 = SolucionPruebas.Presentacion.ConsoleApplication.Autenticacion
		SccProjectUniqueName25 = SolucionPruebas.Presentacion.ConsoleApplication.Encriptacion\\SolucionPruebas.Presentacion.ConsoleApplication.Encriptacion.csproj
		SccProjectTopLevelParentUniqueName25 = SolucionPruebas.sln
		SccProjectName25 = SolucionPruebas.Presentacion.ConsoleApplication.Encriptacion
		SccLocalPath25 = SolucionPruebas.Presentacion.ConsoleApplication.Encriptacion
		SccProjectUniqueName26 = SolucionPruebas.Presentacion.ConsoleApplication.EnvioCorreo\\SolucionPruebas.Presentacion.ConsoleApplication.EnvioCorreo.csproj
		SccProjectTopLevelParentUniqueName26 = SolucionPruebas.sln
		SccProjectName26 = SolucionPruebas.Presentacion.ConsoleApplication.EnvioCorreo
		SccLocalPath26 = SolucionPruebas.Presentacion.ConsoleApplication.EnvioCorreo
		SccProjectUniqueName27 = SolucionPruebas.Presentacion.ConsoleApplication.ValidacionINE\\SolucionPruebas.Presentacion.ConsoleApplication.ValidacionINE.csproj
		SccProjectTopLevelParentUniqueName27 = SolucionPruebas.sln
		SccProjectName27 = SolucionPruebas.Presentacion.ConsoleApplication.ValidacionINE
		SccLocalPath27 = SolucionPruebas.Presentacion.ConsoleApplication.ValidacionINE
		SccProjectUniqueName28 = SolucionPruebas.Presentacion.MVC.Pelicula\\SolucionPruebas.Presentacion.MVC.Pelicula.csproj
		SccProjectTopLevelParentUniqueName28 = SolucionPruebas.sln
		SccProjectName28 = SolucionPruebas.Presentacion.MVC.Pelicula
		SccLocalPath28 = SolucionPruebas.Presentacion.MVC.Pelicula
		SccWebProject29 = true
		SccProjectUniqueName29 = SolucionPruebas.Presentacion.Web\\SolucionPruebas.Solucion.Web.CapturaComplementos
		SccProjectTopLevelParentUniqueName29 = SolucionPruebas.sln
		SccProjectName29 = SolucionPruebas.Presentacion.Web/SolucionPruebas.Solucion.Web.CapturaComplementos
		SccLocalPath29 = SolucionPruebas.Presentacion.Web\\SolucionPruebas.Solucion.Web.CapturaComplementos
		SccProjectEnlistmentChoice29 = 2
		SccProjectUniqueName30 = SolucionPruebas.Negocios.ExpresionesRegulares\\SolucionPruebas.Negocios.ExpresionesRegulares.csproj
		SccProjectTopLevelParentUniqueName30 = SolucionPruebas.sln
		SccProjectName30 = SolucionPruebas.Negocios.ExpresionesRegulares
		SccLocalPath30 = SolucionPruebas.Negocios.ExpresionesRegulares
		SccWebProject31 = true
		SccProjectUniqueName31 = SolucionPruebas.Presentacion.Web.EntregaSAT
		SccProjectTopLevelParentUniqueName31 = SolucionPruebas.sln
		SccProjectName31 = SolucionPruebas.Presentacion.Web.EntregaSAT
		SccLocalPath31 = SolucionPruebas.Presentacion.Web.EntregaSAT
		SccProjectEnlistmentChoice31 = 2
		SccWebProject32 = true
		SccProjectUniqueName32 = SolucionPruebas.Presentacion.Web\\SolucionPruebas.Presentacion.Web.AjaxControlToolkit
		SccProjectTopLevelParentUniqueName32 = SolucionPruebas.sln
		SccProjectName32 = SolucionPruebas.Presentacion.Web/SolucionPruebas.Presentacion.Web.AjaxControlToolkit
		SccLocalPath32 = SolucionPruebas.Presentacion.Web\\SolucionPruebas.Presentacion.Web.AjaxControlToolkit
		SccProjectEnlistmentChoice32 = 2
		SccProjectUniqueName33 = SolucionPruebas.Presentacion.MVC.Mapas\\SolucionPruebas.Presentacion.MVC.Mapas.csproj
		SccProjectTopLevelParentUniqueName33 = SolucionPruebas.sln
		SccProjectName33 = SolucionPruebas.Presentacion.MVC.Mapas
		SccLocalPath33 = SolucionPruebas.Presentacion.MVC.Mapas
		SccProjectUniqueName34 = SolucionPruebas.Presentacion.MVC.Mapas.Tests\\SolucionPruebas.Presentacion.MVC.Mapas.Tests.csproj
		SccProjectTopLevelParentUniqueName34 = SolucionPruebas.sln
		SccProjectName34 = SolucionPruebas.Presentacion.MVC.Mapas.Tests
		SccLocalPath34 = SolucionPruebas.Presentacion.MVC.Mapas.Tests
		SccProjectUniqueName35 = SolucionPruebas.Presentacion.MVC.Autenticacion\\SolucionPruebas.Presentacion.MVC.Autenticacion.csproj
		SccProjectTopLevelParentUniqueName35 = SolucionPruebas.sln
		SccProjectName35 = SolucionPruebas.Presentacion.MVC.Autenticacion
		SccLocalPath35 = SolucionPruebas.Presentacion.MVC.Autenticacion
	EndGlobalSection
	GlobalSection(SolutionConfigurationPlatforms) = preSolution
		Debug|Any CPU = Debug|Any CPU
		Debug|Mixed Platforms = Debug|Mixed Platforms
		Debug|x64 = Debug|x64
		Debug|x86 = Debug|x86
		Release|Any CPU = Release|Any CPU
		Release|Mixed Platforms = Release|Mixed Platforms
		Release|x64 = Release|x64
		Release|x86 = Release|x86
	EndGlobalSection
	GlobalSection(ProjectConfigurationPlatforms) = postSolution
		{F15E4F7B-299D-47A0-A088-1EF0F48A0078}.Debug|Any CPU.ActiveCfg = Debug|Any CPU
		{F15E4F7B-299D-47A0-A088-1EF0F48A0078}.Debug|Any CPU.Build.0 = Debug|Any CPU
		{F15E4F7B-299D-47A0-A088-1EF0F48A0078}.Debug|Mixed Platforms.ActiveCfg = Debug|Any CPU
		{F15E4F7B-299D-47A0-A088-1EF0F48A0078}.Debug|Mixed Platforms.Build.0 = Debug|Any CPU
		{F15E4F7B-299D-47A0-A088-1EF0F48A0078}.Debug|x64.ActiveCfg = Debug|Any CPU
		{F15E4F7B-299D-47A0-A088-1EF0F48A0078}.Debug|x86.ActiveCfg = Debug|Any CPU
		{F15E4F7B-299D-47A0-A088-1EF0F48A0078}.Release|Any CPU.ActiveCfg = Release|Any CPU
		{F15E4F7B-299D-47A0-A088-1EF0F48A0078}.Release|Any CPU.Build.0 = Release|Any CPU
		{F15E4F7B-299D-47A0-A088-1EF0F48A0078}.Release|Mixed Platforms.ActiveCfg = Release|Any CPU
		{F15E4F7B-299D-47A0-A088-1EF0F48A0078}.Release|Mixed Platforms.Build.0 = Release|Any CPU
		{F15E4F7B-299D-47A0-A088-1EF0F48A0078}.Release|x64.ActiveCfg = Release|Any CPU
		{F15E4F7B-299D-47A0-A088-1EF0F48A0078}.Release|x86.ActiveCfg = Release|Any CPU
		{E98E06D4-EC58-48C4-81D2-ABADA10EDD90}.Debug|Any CPU.ActiveCfg = Debug|x86
		{E98E06D4-EC58-48C4-81D2-ABADA10EDD90}.Debug|Mixed Platforms.ActiveCfg = Debug|x86
		{E98E06D4-EC58-48C4-81D2-ABADA10EDD90}.Debug|Mixed Platforms.Build.0 = Debug|x86
		{E98E06D4-EC58-48C4-81D2-ABADA10EDD90}.Debug|x64.ActiveCfg = Debug|x86
		{E98E06D4-EC58-48C4-81D2-ABADA10EDD90}.Debug|x64.Build.0 = Debug|x86
		{E98E06D4-EC58-48C4-81D2-ABADA10EDD90}.Debug|x86.ActiveCfg = Debug|x86
		{E98E06D4-EC58-48C4-81D2-ABADA10EDD90}.Debug|x86.Build.0 = Debug|x86
		{E98E06D4-EC58-48C4-81D2-ABADA10EDD90}.Release|Any CPU.ActiveCfg = Release|x86
		{E98E06D4-EC58-48C4-81D2-ABADA10EDD90}.Release|Mixed Platforms.ActiveCfg = Release|x86
		{E98E06D4-EC58-48C4-81D2-ABADA10EDD90}.Release|Mixed Platforms.Build.0 = Release|x86
		{E98E06D4-EC58-48C4-81D2-ABADA10EDD90}.Release|x64.ActiveCfg = Release|x86
		{E98E06D4-EC58-48C4-81D2-ABADA10EDD90}.Release|x86.ActiveCfg = Release|x86
		{E98E06D4-EC58-48C4-81D2-ABADA10EDD90}.Release|x86.Build.0 = Release|x86
		{DAD113B1-8B74-4191-81C3-F194299A35C5}.Debug|Any CPU.ActiveCfg = Debug|x86
		{DAD113B1-8B74-4191-81C3-F194299A35C5}.Debug|Mixed Platforms.ActiveCfg = Debug|x86
		{DAD113B1-8B74-4191-81C3-F194299A35C5}.Debug|Mixed Platforms.Build.0 = Debug|x86
		{DAD113B1-8B74-4191-81C3-F194299A35C5}.Debug|x64.ActiveCfg = Debug|x86
		{DAD113B1-8B74-4191-81C3-F194299A35C5}.Debug|x86.ActiveCfg = Debug|x86
		{DAD113B1-8B74-4191-81C3-F194299A35C5}.Debug|x86.Build.0 = Debug|x86
		{DAD113B1-8B74-4191-81C3-F194299A35C5}.Release|Any CPU.ActiveCfg = Release|x86
		{DAD113B1-8B74-4191-81C3-F194299A35C5}.Release|Mixed Platforms.ActiveCfg = Release|x86
		{DAD113B1-8B74-4191-81C3-F194299A35C5}.Release|Mixed Platforms.Build.0 = Release|x86
		{DAD113B1-8B74-4191-81C3-F194299A35C5}.Release|x64.ActiveCfg = Release|x86
		{DAD113B1-8B74-4191-81C3-F194299A35C5}.Release|x86.ActiveCfg = Release|x86
		{DAD113B1-8B74-4191-81C3-F194299A35C5}.Release|x86.Build.0 = Release|x86
		{B82D0D7B-DE07-46D4-A3AB-7790CE53F11A}.Debug|Any CPU.ActiveCfg = Debug|Any CPU
		{B82D0D7B-DE07-46D4-A3AB-7790CE53F11A}.Debug|Any CPU.Build.0 = Debug|Any CPU
		{B82D0D7B-DE07-46D4-A3AB-7790CE53F11A}.Debug|Mixed Platforms.ActiveCfg = Debug|Any CPU
		{B82D0D7B-DE07-46D4-A3AB-7790CE53F11A}.Debug|Mixed Platforms.Build.0 = Debug|Any CPU
		{B82D0D7B-DE07-46D4-A3AB-7790CE53F11A}.Debug|x64.ActiveCfg = Debug|Any CPU
		{B82D0D7B-DE07-46D4-A3AB-7790CE53F11A}.Debug|x86.ActiveCfg = Debug|Any CPU
		{B82D0D7B-DE07-46D4-A3AB-7790CE53F11A}.Release|Any CPU.ActiveCfg = Release|Any CPU
		{B82D0D7B-DE07-46D4-A3AB-7790CE53F11A}.Release|Any CPU.Build.0 = Release|Any CPU
		{B82D0D7B-DE07-46D4-A3AB-7790CE53F11A}.Release|Mixed Platforms.ActiveCfg = Release|Any CPU
		{B82D0D7B-DE07-46D4-A3AB-7790CE53F11A}.Release|Mixed Platforms.Build.0 = Release|Any CPU
		{B82D0D7B-DE07-46D4-A3AB-7790CE53F11A}.Release|x64.ActiveCfg = Release|Any CPU
		{B82D0D7B-DE07-46D4-A3AB-7790CE53F11A}.Release|x86.ActiveCfg = Release|Any CPU
		{3040444E-16FB-4747-8A1D-B98B62848D63}.Debug|Any CPU.ActiveCfg = Debug|Any CPU
		{3040444E-16FB-4747-8A1D-B98B62848D63}.Debug|Any CPU.Build.0 = Debug|Any CPU
		{3040444E-16FB-4747-8A1D-B98B62848D63}.Debug|Mixed Platforms.ActiveCfg = Debug|Any CPU
		{3040444E-16FB-4747-8A1D-B98B62848D63}.Debug|Mixed Platforms.Build.0 = Debug|Any CPU
		{3040444E-16FB-4747-8A1D-B98B62848D63}.Debug|x64.ActiveCfg = Debug|Any CPU
		{3040444E-16FB-4747-8A1D-B98B62848D63}.Debug|x86.ActiveCfg = Debug|Any CPU
		{3040444E-16FB-4747-8A1D-B98B62848D63}.Release|Any CPU.ActiveCfg = Release|Any CPU
		{3040444E-16FB-4747-8A1D-B98B62848D63}.Release|Any CPU.Build.0 = Release|Any CPU
		{3040444E-16FB-4747-8A1D-B98B62848D63}.Release|Mixed Platforms.ActiveCfg = Release|Any CPU
		{3040444E-16FB-4747-8A1D-B98B62848D63}.Release|Mixed Platforms.Build.0 = Release|Any CPU
		{3040444E-16FB-4747-8A1D-B98B62848D63}.Release|x64.ActiveCfg = Release|Any CPU
		{3040444E-16FB-4747-8A1D-B98B62848D63}.Release|x86.ActiveCfg = Release|Any CPU
		{DE96A5BD-80BA-4502-8343-6BF3043A0721}.Debug|Any CPU.ActiveCfg = Debug|Any CPU
		{DE96A5BD-80BA-4502-8343-6BF3043A0721}.Debug|Any CPU.Build.0 = Debug|Any CPU
		{DE96A5BD-80BA-4502-8343-6BF3043A0721}.Debug|Mixed Platforms.ActiveCfg = Debug|Any CPU
		{DE96A5BD-80BA-4502-8343-6BF3043A0721}.Debug|Mixed Platforms.Build.0 = Debug|Any CPU
		{DE96A5BD-80BA-4502-8343-6BF3043A0721}.Debug|x64.ActiveCfg = Debug|Any CPU
		{DE96A5BD-80BA-4502-8343-6BF3043A0721}.Debug|x86.ActiveCfg = Debug|Any CPU
		{DE96A5BD-80BA-4502-8343-6BF3043A0721}.Release|Any CPU.ActiveCfg = Release|Any CPU
		{DE96A5BD-80BA-4502-8343-6BF3043A0721}.Release|Any CPU.Build.0 = Release|Any CPU
		{DE96A5BD-80BA-4502-8343-6BF3043A0721}.Release|Mixed Platforms.ActiveCfg = Release|Any CPU
		{DE96A5BD-80BA-4502-8343-6BF3043A0721}.Release|Mixed Platforms.Build.0 = Release|Any CPU
		{DE96A5BD-80BA-4502-8343-6BF3043A0721}.Release|x64.ActiveCfg = Release|Any CPU
		{DE96A5BD-80BA-4502-8343-6BF3043A0721}.Release|x86.ActiveCfg = Release|Any CPU
		{4101F969-86FA-4CD1-92A3-B5909BF16480}.Debug|Any CPU.ActiveCfg = Debug|Any CPU
		{4101F969-86FA-4CD1-92A3-B5909BF16480}.Debug|Any CPU.Build.0 = Debug|Any CPU
		{4101F969-86FA-4CD1-92A3-B5909BF16480}.Debug|Mixed Platforms.ActiveCfg = Debug|Any CPU
		{4101F969-86FA-4CD1-92A3-B5909BF16480}.Debug|Mixed Platforms.Build.0 = Debug|Any CPU
		{4101F969-86FA-4CD1-92A3-B5909BF16480}.Debug|x64.ActiveCfg = Debug|Any CPU
		{4101F969-86FA-4CD1-92A3-B5909BF16480}.Debug|x86.ActiveCfg = Debug|Any CPU
		{4101F969-86FA-4CD1-92A3-B5909BF16480}.Release|Any CPU.ActiveCfg = Release|Any CPU
		{4101F969-86FA-4CD1-92A3-B5909BF16480}.Release|Any CPU.Build.0 = Release|Any CPU
		{4101F969-86FA-4CD1-92A3-B5909BF16480}.Release|Mixed Platforms.ActiveCfg = Release|Any CPU
		{4101F969-86FA-4CD1-92A3-B5909BF16480}.Release|Mixed Platforms.Build.0 = Release|Any CPU
		{4101F969-86FA-4CD1-92A3-B5909BF16480}.Release|x64.ActiveCfg = Release|Any CPU
		{4101F969-86FA-4CD1-92A3-B5909BF16480}.Release|x86.ActiveCfg = Release|Any CPU
		{F32D1AA6-D083-4FC4-99AA-E35D296AE60A}.Debug|Any CPU.ActiveCfg = Debug|Any CPU
		{F32D1AA6-D083-4FC4-99AA-E35D296AE60A}.Debug|Any CPU.Build.0 = Debug|Any CPU
		{F32D1AA6-D083-4FC4-99AA-E35D296AE60A}.Debug|Mixed Platforms.ActiveCfg = Debug|Any CPU
		{F32D1AA6-D083-4FC4-99AA-E35D296AE60A}.Debug|Mixed Platforms.Build.0 = Debug|Any CPU
		{F32D1AA6-D083-4FC4-99AA-E35D296AE60A}.Debug|x64.ActiveCfg = Debug|Any CPU
		{F32D1AA6-D083-4FC4-99AA-E35D296AE60A}.Debug|x86.ActiveCfg = Debug|Any CPU
		{F32D1AA6-D083-4FC4-99AA-E35D296AE60A}.Release|Any CPU.ActiveCfg = Release|Any CPU
		{F32D1AA6-D083-4FC4-99AA-E35D296AE60A}.Release|Any CPU.Build.0 = Release|Any CPU
		{F32D1AA6-D083-4FC4-99AA-E35D296AE60A}.Release|Mixed Platforms.ActiveCfg = Release|Any CPU
		{F32D1AA6-D083-4FC4-99AA-E35D296AE60A}.Release|Mixed Platforms.Build.0 = Release|Any CPU
		{F32D1AA6-D083-4FC4-99AA-E35D296AE60A}.Release|x64.ActiveCfg = Release|Any CPU
		{F32D1AA6-D083-4FC4-99AA-E35D296AE60A}.Release|x86.ActiveCfg = Release|Any CPU
		{E3A39892-390C-4FA2-8DA9-42F9211B7711}.Debug|Any CPU.ActiveCfg = Debug|x86
		{E3A39892-390C-4FA2-8DA9-42F9211B7711}.Debug|Mixed Platforms.ActiveCfg = Debug|x86
		{E3A39892-390C-4FA2-8DA9-42F9211B7711}.Debug|Mixed Platforms.Build.0 = Debug|x86
		{E3A39892-390C-4FA2-8DA9-42F9211B7711}.Debug|x64.ActiveCfg = Debug|x86
		{E3A39892-390C-4FA2-8DA9-42F9211B7711}.Debug|x86.ActiveCfg = Debug|x86
		{E3A39892-390C-4FA2-8DA9-42F9211B7711}.Debug|x86.Build.0 = Debug|x86
		{E3A39892-390C-4FA2-8DA9-42F9211B7711}.Release|Any CPU.ActiveCfg = Release|x86
		{E3A39892-390C-4FA2-8DA9-42F9211B7711}.Release|Mixed Platforms.ActiveCfg = Release|x86
		{E3A39892-390C-4FA2-8DA9-42F9211B7711}.Release|Mixed Platforms.Build.0 = Release|x86
		{E3A39892-390C-4FA2-8DA9-42F9211B7711}.Release|x64.ActiveCfg = Release|x86
		{E3A39892-390C-4FA2-8DA9-42F9211B7711}.Release|x86.ActiveCfg = Release|x86
		{E3A39892-390C-4FA2-8DA9-42F9211B7711}.Release|x86.Build.0 = Release|x86
		{32E02884-E4F7-436F-9118-EC74ADEE420E}.Debug|Any CPU.ActiveCfg = Debug
		{32E02884-E4F7-436F-9118-EC74ADEE420E}.Debug|Mixed Platforms.ActiveCfg = Debug
		{32E02884-E4F7-436F-9118-EC74ADEE420E}.Debug|x64.ActiveCfg = Debug
		{32E02884-E4F7-436F-9118-EC74ADEE420E}.Debug|x64.Build.0 = Debug
		{32E02884-E4F7-436F-9118-EC74ADEE420E}.Debug|x86.ActiveCfg = Debug
		{32E02884-E4F7-436F-9118-EC74ADEE420E}.Release|Any CPU.ActiveCfg = Release
		{32E02884-E4F7-436F-9118-EC74ADEE420E}.Release|Mixed Platforms.ActiveCfg = Release
		{32E02884-E4F7-436F-9118-EC74ADEE420E}.Release|x64.ActiveCfg = Release
		{32E02884-E4F7-436F-9118-EC74ADEE420E}.Release|x64.Build.0 = Release
		{32E02884-E4F7-436F-9118-EC74ADEE420E}.Release|x86.ActiveCfg = Release
		{5DAC5BC7-A86B-44A4-8D14-9D7A54BF1A22}.Debug|Any CPU.ActiveCfg = Debug|Any CPU
		{5DAC5BC7-A86B-44A4-8D14-9D7A54BF1A22}.Debug|Any CPU.Build.0 = Debug|Any CPU
		{5DAC5BC7-A86B-44A4-8D14-9D7A54BF1A22}.Debug|Mixed Platforms.ActiveCfg = Debug|Any CPU
		{5DAC5BC7-A86B-44A4-8D14-9D7A54BF1A22}.Debug|Mixed Platforms.Build.0 = Debug|Any CPU
		{5DAC5BC7-A86B-44A4-8D14-9D7A54BF1A22}.Debug|x64.ActiveCfg = Debug|Any CPU
		{5DAC5BC7-A86B-44A4-8D14-9D7A54BF1A22}.Debug|x86.ActiveCfg = Debug|Any CPU
		{5DAC5BC7-A86B-44A4-8D14-9D7A54BF1A22}.Release|Any CPU.ActiveCfg = Release|Any CPU
		{5DAC5BC7-A86B-44A4-8D14-9D7A54BF1A22}.Release|Any CPU.Build.0 = Release|Any CPU
		{5DAC5BC7-A86B-44A4-8D14-9D7A54BF1A22}.Release|Mixed Platforms.ActiveCfg = Release|Any CPU
		{5DAC5BC7-A86B-44A4-8D14-9D7A54BF1A22}.Release|Mixed Platforms.Build.0 = Release|Any CPU
		{5DAC5BC7-A86B-44A4-8D14-9D7A54BF1A22}.Release|x64.ActiveCfg = Release|Any CPU
		{5DAC5BC7-A86B-44A4-8D14-9D7A54BF1A22}.Release|x86.ActiveCfg = Release|Any CPU
		{78FB21BA-3E6A-4AA6-9E4D-CDDDE4225681}.Debug|Any CPU.ActiveCfg = Debug|Any CPU
		{78FB21BA-3E6A-4AA6-9E4D-CDDDE4225681}.Debug|Any CPU.Build.0 = Debug|Any CPU
		{78FB21BA-3E6A-4AA6-9E4D-CDDDE4225681}.Debug|Mixed Platforms.ActiveCfg = Debug|Any CPU
		{78FB21BA-3E6A-4AA6-9E4D-CDDDE4225681}.Debug|Mixed Platforms.Build.0 = Debug|Any CPU
		{78FB21BA-3E6A-4AA6-9E4D-CDDDE4225681}.Debug|x64.ActiveCfg = Debug|Any CPU
		{78FB21BA-3E6A-4AA6-9E4D-CDDDE4225681}.Debug|x86.ActiveCfg = Debug|Any CPU
		{78FB21BA-3E6A-4AA6-9E4D-CDDDE4225681}.Release|Any CPU.ActiveCfg = Release|Any CPU
		{78FB21BA-3E6A-4AA6-9E4D-CDDDE4225681}.Release|Any CPU.Build.0 = Release|Any CPU
		{78FB21BA-3E6A-4AA6-9E4D-CDDDE4225681}.Release|Mixed Platforms.ActiveCfg = Release|Any CPU
		{78FB21BA-3E6A-4AA6-9E4D-CDDDE4225681}.Release|Mixed Platforms.Build.0 = Release|Any CPU
		{78FB21BA-3E6A-4AA6-9E4D-CDDDE4225681}.Release|x64.ActiveCfg = Release|Any CPU
		{78FB21BA-3E6A-4AA6-9E4D-CDDDE4225681}.Release|x86.ActiveCfg = Release|Any CPU
		{823E6D8B-5BCD-42B3-A898-03C8C75E9658}.Debug|Any CPU.ActiveCfg = Debug|x86
		{823E6D8B-5BCD-42B3-A898-03C8C75E9658}.Debug|Mixed Platforms.ActiveCfg = Debug|x86
		{823E6D8B-5BCD-42B3-A898-03C8C75E9658}.Debug|Mixed Platforms.Build.0 = Debug|x86
		{823E6D8B-5BCD-42B3-A898-03C8C75E9658}.Debug|x64.ActiveCfg = Debug|x86
		{823E6D8B-5BCD-42B3-A898-03C8C75E9658}.Debug|x86.ActiveCfg = Debug|x86
		{823E6D8B-5BCD-42B3-A898-03C8C75E9658}.Debug|x86.Build.0 = Debug|x86
		{823E6D8B-5BCD-42B3-A898-03C8C75E9658}.Release|Any CPU.ActiveCfg = Release|x86
		{823E6D8B-5BCD-42B3-A898-03C8C75E9658}.Release|Mixed Platforms.ActiveCfg = Release|x86
		{823E6D8B-5BCD-42B3-A898-03C8C75E9658}.Release|Mixed Platforms.Build.0 = Release|x86
		{823E6D8B-5BCD-42B3-A898-03C8C75E9658}.Release|x64.ActiveCfg = Release|x86
		{823E6D8B-5BCD-42B3-A898-03C8C75E9658}.Release|x86.ActiveCfg = Release|x86
		{823E6D8B-5BCD-42B3-A898-03C8C75E9658}.Release|x86.Build.0 = Release|x86
		{F73328EA-5E18-4BFF-B3C7-0D3C316064F2}.Debug|Any CPU.ActiveCfg = Debug|x86
		{F73328EA-5E18-4BFF-B3C7-0D3C316064F2}.Debug|Mixed Platforms.ActiveCfg = Debug|x86
		{F73328EA-5E18-4BFF-B3C7-0D3C316064F2}.Debug|Mixed Platforms.Build.0 = Debug|x86
		{F73328EA-5E18-4BFF-B3C7-0D3C316064F2}.Debug|x64.ActiveCfg = Debug|x86
		{F73328EA-5E18-4BFF-B3C7-0D3C316064F2}.Debug|x86.ActiveCfg = Debug|x86
		{F73328EA-5E18-4BFF-B3C7-0D3C316064F2}.Debug|x86.Build.0 = Debug|x86
		{F73328EA-5E18-4BFF-B3C7-0D3C316064F2}.Release|Any CPU.ActiveCfg = Release|x86
		{F73328EA-5E18-4BFF-B3C7-0D3C316064F2}.Release|Mixed Platforms.ActiveCfg = Release|x86
		{F73328EA-5E18-4BFF-B3C7-0D3C316064F2}.Release|Mixed Platforms.Build.0 = Release|x86
		{F73328EA-5E18-4BFF-B3C7-0D3C316064F2}.Release|x64.ActiveCfg = Release|x86
		{F73328EA-5E18-4BFF-B3C7-0D3C316064F2}.Release|x86.ActiveCfg = Release|x86
		{F73328EA-5E18-4BFF-B3C7-0D3C316064F2}.Release|x86.Build.0 = Release|x86
		{98D5388D-594A-4FE5-8788-D5706C51000B}.Debug|Any CPU.ActiveCfg = Debug|x86
		{98D5388D-594A-4FE5-8788-D5706C51000B}.Debug|Mixed Platforms.ActiveCfg = Debug|x86
		{98D5388D-594A-4FE5-8788-D5706C51000B}.Debug|Mixed Platforms.Build.0 = Debug|x86
		{98D5388D-594A-4FE5-8788-D5706C51000B}.Debug|x64.ActiveCfg = Debug|x86
		{98D5388D-594A-4FE5-8788-D5706C51000B}.Debug|x86.ActiveCfg = Debug|x86
		{98D5388D-594A-4FE5-8788-D5706C51000B}.Debug|x86.Build.0 = Debug|x86
		{98D5388D-594A-4FE5-8788-D5706C51000B}.Release|Any CPU.ActiveCfg = Release|x86
		{98D5388D-594A-4FE5-8788-D5706C51000B}.Release|Mixed Platforms.ActiveCfg = Release|x86
		{98D5388D-594A-4FE5-8788-D5706C51000B}.Release|Mixed Platforms.Build.0 = Release|x86
		{98D5388D-594A-4FE5-8788-D5706C51000B}.Release|x64.ActiveCfg = Release|x86
		{98D5388D-594A-4FE5-8788-D5706C51000B}.Release|x86.ActiveCfg = Release|x86
		{98D5388D-594A-4FE5-8788-D5706C51000B}.Release|x86.Build.0 = Release|x86
		{5AF7F14D-F599-4775-AC00-9248849C5769}.Debug|Any CPU.ActiveCfg = Debug|x86
		{5AF7F14D-F599-4775-AC00-9248849C5769}.Debug|Mixed Platforms.ActiveCfg = Debug|x86
		{5AF7F14D-F599-4775-AC00-9248849C5769}.Debug|Mixed Platforms.Build.0 = Debug|x86
		{5AF7F14D-F599-4775-AC00-9248849C5769}.Debug|x64.ActiveCfg = Debug|x64
		{5AF7F14D-F599-4775-AC00-9248849C5769}.Debug|x64.Build.0 = Debug|x64
		{5AF7F14D-F599-4775-AC00-9248849C5769}.Debug|x86.ActiveCfg = Debug|x86
		{5AF7F14D-F599-4775-AC00-9248849C5769}.Debug|x86.Build.0 = Debug|x86
		{5AF7F14D-F599-4775-AC00-9248849C5769}.Release|Any CPU.ActiveCfg = Release|x86
		{5AF7F14D-F599-4775-AC00-9248849C5769}.Release|Mixed Platforms.ActiveCfg = Release|x86
		{5AF7F14D-F599-4775-AC00-9248849C5769}.Release|Mixed Platforms.Build.0 = Release|x86
		{5AF7F14D-F599-4775-AC00-9248849C5769}.Release|x64.ActiveCfg = Release|x64
		{5AF7F14D-F599-4775-AC00-9248849C5769}.Release|x64.Build.0 = Release|x64
		{5AF7F14D-F599-4775-AC00-9248849C5769}.Release|x86.ActiveCfg = Release|x86
		{5AF7F14D-F599-4775-AC00-9248849C5769}.Release|x86.Build.0 = Release|x86
		{E3A2A903-E9BD-46A9-A33C-B87C309235B3}.Debug|Any CPU.ActiveCfg = Debug|x86
		{E3A2A903-E9BD-46A9-A33C-B87C309235B3}.Debug|Mixed Platforms.ActiveCfg = Debug|x86
		{E3A2A903-E9BD-46A9-A33C-B87C309235B3}.Debug|Mixed Platforms.Build.0 = Debug|x86
		{E3A2A903-E9BD-46A9-A33C-B87C309235B3}.Debug|x64.ActiveCfg = Debug|x86
		{E3A2A903-E9BD-46A9-A33C-B87C309235B3}.Debug|x86.ActiveCfg = Debug|x86
		{E3A2A903-E9BD-46A9-A33C-B87C309235B3}.Debug|x86.Build.0 = Debug|x86
		{E3A2A903-E9BD-46A9-A33C-B87C309235B3}.Release|Any CPU.ActiveCfg = Release|x86
		{E3A2A903-E9BD-46A9-A33C-B87C309235B3}.Release|Mixed Platforms.ActiveCfg = Release|x86
		{E3A2A903-E9BD-46A9-A33C-B87C309235B3}.Release|Mixed Platforms.Build.0 = Release|x86
		{E3A2A903-E9BD-46A9-A33C-B87C309235B3}.Release|x64.ActiveCfg = Release|x86
		{E3A2A903-E9BD-46A9-A33C-B87C309235B3}.Release|x86.ActiveCfg = Release|x86
		{E3A2A903-E9BD-46A9-A33C-B87C309235B3}.Release|x86.Build.0 = Release|x86
		{8B893304-F5D5-465C-9F21-49857E7FB2B4}.Debug|Any CPU.ActiveCfg = Debug|Any CPU
		{8B893304-F5D5-465C-9F21-49857E7FB2B4}.Debug|Any CPU.Build.0 = Debug|Any CPU
		{8B893304-F5D5-465C-9F21-49857E7FB2B4}.Debug|Mixed Platforms.ActiveCfg = Debug|Any CPU
		{8B893304-F5D5-465C-9F21-49857E7FB2B4}.Debug|Mixed Platforms.Build.0 = Debug|Any CPU
		{8B893304-F5D5-465C-9F21-49857E7FB2B4}.Debug|x64.ActiveCfg = Debug|Any CPU
		{8B893304-F5D5-465C-9F21-49857E7FB2B4}.Debug|x86.ActiveCfg = Debug|Any CPU
		{8B893304-F5D5-465C-9F21-49857E7FB2B4}.Release|Any CPU.ActiveCfg = Release|Any CPU
		{8B893304-F5D5-465C-9F21-49857E7FB2B4}.Release|Any CPU.Build.0 = Release|Any CPU
		{8B893304-F5D5-465C-9F21-49857E7FB2B4}.Release|Mixed Platforms.ActiveCfg = Release|Any CPU
		{8B893304-F5D5-465C-9F21-49857E7FB2B4}.Release|Mixed Platforms.Build.0 = Release|Any CPU
		{8B893304-F5D5-465C-9F21-49857E7FB2B4}.Release|x64.ActiveCfg = Release|Any CPU
		{8B893304-F5D5-465C-9F21-49857E7FB2B4}.Release|x86.ActiveCfg = Release|Any CPU
		{9B976E9C-818D-49A0-AC97-F17A825D2ED7}.Debug|Any CPU.ActiveCfg = Debug|x86
		{9B976E9C-818D-49A0-AC97-F17A825D2ED7}.Debug|Mixed Platforms.ActiveCfg = Debug|x86
		{9B976E9C-818D-49A0-AC97-F17A825D2ED7}.Debug|Mixed Platforms.Build.0 = Debug|x86
		{9B976E9C-818D-49A0-AC97-F17A825D2ED7}.Debug|x64.ActiveCfg = Debug|x86
		{9B976E9C-818D-49A0-AC97-F17A825D2ED7}.Debug|x86.ActiveCfg = Debug|x86
		{9B976E9C-818D-49A0-AC97-F17A825D2ED7}.Debug|x86.Build.0 = Debug|x86
		{9B976E9C-818D-49A0-AC97-F17A825D2ED7}.Release|Any CPU.ActiveCfg = Release|x86
		{9B976E9C-818D-49A0-AC97-F17A825D2ED7}.Release|Mixed Platforms.ActiveCfg = Release|x86
		{9B976E9C-818D-49A0-AC97-F17A825D2ED7}.Release|Mixed Platforms.Build.0 = Release|x86
		{9B976E9C-818D-49A0-AC97-F17A825D2ED7}.Release|x64.ActiveCfg = Release|x86
		{9B976E9C-818D-49A0-AC97-F17A825D2ED7}.Release|x86.ActiveCfg = Release|x86
		{9B976E9C-818D-49A0-AC97-F17A825D2ED7}.Release|x86.Build.0 = Release|x86
		{18C08B0D-B15D-45B7-9604-A00346F69C01}.Debug|Any CPU.ActiveCfg = Debug|Any CPU
		{18C08B0D-B15D-45B7-9604-A00346F69C01}.Debug|Any CPU.Build.0 = Debug|Any CPU
		{18C08B0D-B15D-45B7-9604-A00346F69C01}.Debug|Mixed Platforms.ActiveCfg = Debug|Any CPU
		{18C08B0D-B15D-45B7-9604-A00346F69C01}.Debug|Mixed Platforms.Build.0 = Debug|Any CPU
		{18C08B0D-B15D-45B7-9604-A00346F69C01}.Debug|x64.ActiveCfg = Debug|Any CPU
		{18C08B0D-B15D-45B7-9604-A00346F69C01}.Debug|x86.ActiveCfg = Debug|Any CPU
		{18C08B0D-B15D-45B7-9604-A00346F69C01}.Release|Any CPU.ActiveCfg = Release|Any CPU
		{18C08B0D-B15D-45B7-9604-A00346F69C01}.Release|Any CPU.Build.0 = Release|Any CPU
		{18C08B0D-B15D-45B7-9604-A00346F69C01}.Release|Mixed Platforms.ActiveCfg = Release|Any CPU
		{18C08B0D-B15D-45B7-9604-A00346F69C01}.Release|Mixed Platforms.Build.0 = Release|Any CPU
		{18C08B0D-B15D-45B7-9604-A00346F69C01}.Release|x64.ActiveCfg = Release|Any CPU
		{18C08B0D-B15D-45B7-9604-A00346F69C01}.Release|x86.ActiveCfg = Release|Any CPU
		{67CBC824-A49E-4E9B-A947-360F3DFE65C3}.Debug|Any CPU.ActiveCfg = Debug|Any CPU
		{67CBC824-A49E-4E9B-A947-360F3DFE65C3}.Debug|Any CPU.Build.0 = Debug|Any CPU
		{67CBC824-A49E-4E9B-A947-360F3DFE65C3}.Debug|Any CPU.Deploy.0 = Debug|Any CPU
		{67CBC824-A49E-4E9B-A947-360F3DFE65C3}.Debug|Mixed Platforms.ActiveCfg = Debug|Any CPU
		{67CBC824-A49E-4E9B-A947-360F3DFE65C3}.Debug|Mixed Platforms.Build.0 = Debug|Any CPU
		{67CBC824-A49E-4E9B-A947-360F3DFE65C3}.Debug|Mixed Platforms.Deploy.0 = Debug|Any CPU
		{67CBC824-A49E-4E9B-A947-360F3DFE65C3}.Debug|x64.ActiveCfg = Debug|Any CPU
		{67CBC824-A49E-4E9B-A947-360F3DFE65C3}.Debug|x86.ActiveCfg = Debug|Any CPU
		{67CBC824-A49E-4E9B-A947-360F3DFE65C3}.Release|Any CPU.ActiveCfg = Release|Any CPU
		{67CBC824-A49E-4E9B-A947-360F3DFE65C3}.Release|Any CPU.Build.0 = Release|Any CPU
		{67CBC824-A49E-4E9B-A947-360F3DFE65C3}.Release|Any CPU.Deploy.0 = Release|Any CPU
		{67CBC824-A49E-4E9B-A947-360F3DFE65C3}.Release|Mixed Platforms.ActiveCfg = Release|Any CPU
		{67CBC824-A49E-4E9B-A947-360F3DFE65C3}.Release|Mixed Platforms.Build.0 = Release|Any CPU
		{67CBC824-A49E-4E9B-A947-360F3DFE65C3}.Release|Mixed Platforms.Deploy.0 = Release|Any CPU
		{67CBC824-A49E-4E9B-A947-360F3DFE65C3}.Release|x64.ActiveCfg = Release|Any CPU
		{67CBC824-A49E-4E9B-A947-360F3DFE65C3}.Release|x86.ActiveCfg = Release|Any CPU
		{958609AC-9605-4DB0-B566-2E95BF4B989A}.Debug|Any CPU.ActiveCfg = Debug|x86
		{958609AC-9605-4DB0-B566-2E95BF4B989A}.Debug|Mixed Platforms.ActiveCfg = Debug|x86
		{958609AC-9605-4DB0-B566-2E95BF4B989A}.Debug|Mixed Platforms.Build.0 = Debug|x86
		{958609AC-9605-4DB0-B566-2E95BF4B989A}.Debug|x64.ActiveCfg = Debug|x86
		{958609AC-9605-4DB0-B566-2E95BF4B989A}.Debug|x86.ActiveCfg = Debug|x86
		{958609AC-9605-4DB0-B566-2E95BF4B989A}.Debug|x86.Build.0 = Debug|x86
		{958609AC-9605-4DB0-B566-2E95BF4B989A}.Release|Any CPU.ActiveCfg = Release|x86
		{958609AC-9605-4DB0-B566-2E95BF4B989A}.Release|Mixed Platforms.ActiveCfg = Release|x86
		{958609AC-9605-4DB0-B566-2E95BF4B989A}.Release|Mixed Platforms.Build.0 = Release|x86
		{958609AC-9605-4DB0-B566-2E95BF4B989A}.Release|x64.ActiveCfg = Release|x86
		{958609AC-9605-4DB0-B566-2E95BF4B989A}.Release|x86.ActiveCfg = Release|x86
		{958609AC-9605-4DB0-B566-2E95BF4B989A}.Release|x86.Build.0 = Release|x86
		{041AC7E3-09FD-4A37-A7FD-D13E76604F24}.Debug|Any CPU.ActiveCfg = Debug|Any CPU
		{041AC7E3-09FD-4A37-A7FD-D13E76604F24}.Debug|Any CPU.Build.0 = Debug|Any CPU
		{041AC7E3-09FD-4A37-A7FD-D13E76604F24}.Debug|Mixed Platforms.ActiveCfg = Debug|Any CPU
		{041AC7E3-09FD-4A37-A7FD-D13E76604F24}.Debug|Mixed Platforms.Build.0 = Debug|Any CPU
		{041AC7E3-09FD-4A37-A7FD-D13E76604F24}.Debug|x64.ActiveCfg = Debug|Any CPU
		{041AC7E3-09FD-4A37-A7FD-D13E76604F24}.Debug|x86.ActiveCfg = Debug|Any CPU
		{041AC7E3-09FD-4A37-A7FD-D13E76604F24}.Release|Any CPU.ActiveCfg = Release|Any CPU
		{041AC7E3-09FD-4A37-A7FD-D13E76604F24}.Release|Any CPU.Build.0 = Release|Any CPU
		{041AC7E3-09FD-4A37-A7FD-D13E76604F24}.Release|Mixed Platforms.ActiveCfg = Release|Any CPU
		{041AC7E3-09FD-4A37-A7FD-D13E76604F24}.Release|Mixed Platforms.Build.0 = Release|Any CPU
		{041AC7E3-09FD-4A37-A7FD-D13E76604F24}.Release|x64.ActiveCfg = Release|Any CPU
		{041AC7E3-09FD-4A37-A7FD-D13E76604F24}.Release|x86.ActiveCfg = Release|Any CPU
		{4892F867-45E1-4E4F-8137-B366BBB3E1F3}.Debug|Any CPU.ActiveCfg = Debug|x86
		{4892F867-45E1-4E4F-8137-B366BBB3E1F3}.Debug|Mixed Platforms.ActiveCfg = Debug|x86
		{4892F867-45E1-4E4F-8137-B366BBB3E1F3}.Debug|Mixed Platforms.Build.0 = Debug|x86
		{4892F867-45E1-4E4F-8137-B366BBB3E1F3}.Debug|x64.ActiveCfg = Debug|x86
		{4892F867-45E1-4E4F-8137-B366BBB3E1F3}.Debug|x86.ActiveCfg = Debug|x86
		{4892F867-45E1-4E4F-8137-B366BBB3E1F3}.Debug|x86.Build.0 = Debug|x86
		{4892F867-45E1-4E4F-8137-B366BBB3E1F3}.Release|Any CPU.ActiveCfg = Release|x86
		{4892F867-45E1-4E4F-8137-B366BBB3E1F3}.Release|Mixed Platforms.ActiveCfg = Release|x86
		{4892F867-45E1-4E4F-8137-B366BBB3E1F3}.Release|Mixed Platforms.Build.0 = Release|x86
		{4892F867-45E1-4E4F-8137-B366BBB3E1F3}.Release|x64.ActiveCfg = Release|x86
		{4892F867-45E1-4E4F-8137-B366BBB3E1F3}.Release|x86.ActiveCfg = Release|x86
		{4892F867-45E1-4E4F-8137-B366BBB3E1F3}.Release|x86.Build.0 = Release|x86
		{C59ED182-A06D-4D3D-A91F-A8EDB00FA337}.Debug|Any CPU.ActiveCfg = Debug|x86
		{C59ED182-A06D-4D3D-A91F-A8EDB00FA337}.Debug|Mixed Platforms.ActiveCfg = Debug|x86
		{C59ED182-A06D-4D3D-A91F-A8EDB00FA337}.Debug|Mixed Platforms.Build.0 = Debug|x86
		{C59ED182-A06D-4D3D-A91F-A8EDB00FA337}.Debug|x64.ActiveCfg = Debug|x86
		{C59ED182-A06D-4D3D-A91F-A8EDB00FA337}.Debug|x86.ActiveCfg = Debug|x86
		{C59ED182-A06D-4D3D-A91F-A8EDB00FA337}.Debug|x86.Build.0 = Debug|x86
		{C59ED182-A06D-4D3D-A91F-A8EDB00FA337}.Release|Any CPU.ActiveCfg = Release|x86
		{C59ED182-A06D-4D3D-A91F-A8EDB00FA337}.Release|Mixed Platforms.ActiveCfg = Release|x86
		{C59ED182-A06D-4D3D-A91F-A8EDB00FA337}.Release|Mixed Platforms.Build.0 = Release|x86
		{C59ED182-A06D-4D3D-A91F-A8EDB00FA337}.Release|x64.ActiveCfg = Release|x86
		{C59ED182-A06D-4D3D-A91F-A8EDB00FA337}.Release|x86.ActiveCfg = Release|x86
		{C59ED182-A06D-4D3D-A91F-A8EDB00FA337}.Release|x86.Build.0 = Release|x86
		{91C60ACF-78D9-433C-87FF-4DE33CC23B51}.Debug|Any CPU.ActiveCfg = Debug|x86
		{91C60ACF-78D9-433C-87FF-4DE33CC23B51}.Debug|Mixed Platforms.ActiveCfg = Debug|x86
		{91C60ACF-78D9-433C-87FF-4DE33CC23B51}.Debug|Mixed Platforms.Build.0 = Debug|x86
		{91C60ACF-78D9-433C-87FF-4DE33CC23B51}.Debug|x64.ActiveCfg = Debug|x86
		{91C60ACF-78D9-433C-87FF-4DE33CC23B51}.Debug|x86.ActiveCfg = Debug|x86
		{91C60ACF-78D9-433C-87FF-4DE33CC23B51}.Debug|x86.Build.0 = Debug|x86
		{91C60ACF-78D9-433C-87FF-4DE33CC23B51}.Release|Any CPU.ActiveCfg = Release|x86
		{91C60ACF-78D9-433C-87FF-4DE33CC23B51}.Release|Mixed Platforms.ActiveCfg = Release|x86
		{91C60ACF-78D9-433C-87FF-4DE33CC23B51}.Release|Mixed Platforms.Build.0 = Release|x86
		{91C60ACF-78D9-433C-87FF-4DE33CC23B51}.Release|x64.ActiveCfg = Release|x86
		{91C60ACF-78D9-433C-87FF-4DE33CC23B51}.Release|x86.ActiveCfg = Release|x86
		{91C60ACF-78D9-433C-87FF-4DE33CC23B51}.Release|x86.Build.0 = Release|x86
		{973E68E6-B12B-4212-ABEF-23322E1DC7DA}.Debug|Any CPU.ActiveCfg = Debug|x86
		{973E68E6-B12B-4212-ABEF-23322E1DC7DA}.Debug|Mixed Platforms.ActiveCfg = Debug|x86
		{973E68E6-B12B-4212-ABEF-23322E1DC7DA}.Debug|Mixed Platforms.Build.0 = Debug|x86
		{973E68E6-B12B-4212-ABEF-23322E1DC7DA}.Debug|x64.ActiveCfg = Debug|x86
		{973E68E6-B12B-4212-ABEF-23322E1DC7DA}.Debug|x86.ActiveCfg = Debug|x86
		{973E68E6-B12B-4212-ABEF-23322E1DC7DA}.Debug|x86.Build.0 = Debug|x86
		{973E68E6-B12B-4212-ABEF-23322E1DC7DA}.Release|Any CPU.ActiveCfg = Release|x86
		{973E68E6-B12B-4212-ABEF-23322E1DC7DA}.Release|Mixed Platforms.ActiveCfg = Release|x86
		{973E68E6-B12B-4212-ABEF-23322E1DC7DA}.Release|Mixed Platforms.Build.0 = Release|x86
		{973E68E6-B12B-4212-ABEF-23322E1DC7DA}.Release|x64.ActiveCfg = Release|x86
		{973E68E6-B12B-4212-ABEF-23322E1DC7DA}.Release|x86.ActiveCfg = Release|x86
		{973E68E6-B12B-4212-ABEF-23322E1DC7DA}.Release|x86.Build.0 = Release|x86
		{55E0DA15-5F7B-4C59-A1D6-97B5FC433E66}.Debug|Any CPU.ActiveCfg = Debug|Any CPU
		{55E0DA15-5F7B-4C59-A1D6-97B5FC433E66}.Debug|Any CPU.Build.0 = Debug|Any CPU
		{55E0DA15-5F7B-4C59-A1D6-97B5FC433E66}.Debug|Mixed Platforms.ActiveCfg = Debug|Any CPU
		{55E0DA15-5F7B-4C59-A1D6-97B5FC433E66}.Debug|Mixed Platforms.Build.0 = Debug|Any CPU
		{55E0DA15-5F7B-4C59-A1D6-97B5FC433E66}.Debug|x64.ActiveCfg = Debug|Any CPU
		{55E0DA15-5F7B-4C59-A1D6-97B5FC433E66}.Debug|x86.ActiveCfg = Debug|Any CPU
		{55E0DA15-5F7B-4C59-A1D6-97B5FC433E66}.Release|Any CPU.ActiveCfg = Release|Any CPU
		{55E0DA15-5F7B-4C59-A1D6-97B5FC433E66}.Release|Any CPU.Build.0 = Release|Any CPU
		{55E0DA15-5F7B-4C59-A1D6-97B5FC433E66}.Release|Mixed Platforms.ActiveCfg = Release|Any CPU
		{55E0DA15-5F7B-4C59-A1D6-97B5FC433E66}.Release|Mixed Platforms.Build.0 = Release|Any CPU
		{55E0DA15-5F7B-4C59-A1D6-97B5FC433E66}.Release|x64.ActiveCfg = Release|Any CPU
		{55E0DA15-5F7B-4C59-A1D6-97B5FC433E66}.Release|x86.ActiveCfg = Release|Any CPU
		{B02413D8-307F-41CE-AE64-0C32BA801CA0}.Debug|Any CPU.ActiveCfg = Debug|Any CPU
		{B02413D8-307F-41CE-AE64-0C32BA801CA0}.Debug|Any CPU.Build.0 = Debug|Any CPU
		{B02413D8-307F-41CE-AE64-0C32BA801CA0}.Debug|Mixed Platforms.ActiveCfg = Debug|Any CPU
		{B02413D8-307F-41CE-AE64-0C32BA801CA0}.Debug|Mixed Platforms.Build.0 = Debug|Any CPU
		{B02413D8-307F-41CE-AE64-0C32BA801CA0}.Debug|x64.ActiveCfg = Debug|Any CPU
		{B02413D8-307F-41CE-AE64-0C32BA801CA0}.Debug|x86.ActiveCfg = Debug|Any CPU
		{B02413D8-307F-41CE-AE64-0C32BA801CA0}.Release|Any CPU.ActiveCfg = Debug|Any CPU
		{B02413D8-307F-41CE-AE64-0C32BA801CA0}.Release|Any CPU.Build.0 = Debug|Any CPU
		{B02413D8-307F-41CE-AE64-0C32BA801CA0}.Release|Mixed Platforms.ActiveCfg = Debug|Any CPU
		{B02413D8-307F-41CE-AE64-0C32BA801CA0}.Release|Mixed Platforms.Build.0 = Debug|Any CPU
		{B02413D8-307F-41CE-AE64-0C32BA801CA0}.Release|x64.ActiveCfg = Debug|Any CPU
		{B02413D8-307F-41CE-AE64-0C32BA801CA0}.Release|x86.ActiveCfg = Debug|Any CPU
		{A34DFF04-F7C3-4DA3-A86C-730555DFCB40}.Debug|Any CPU.ActiveCfg = Debug|Any CPU
		{A34DFF04-F7C3-4DA3-A86C-730555DFCB40}.Debug|Any CPU.Build.0 = Debug|Any CPU
		{A34DFF04-F7C3-4DA3-A86C-730555DFCB40}.Debug|Mixed Platforms.ActiveCfg = Debug|Any CPU
		{A34DFF04-F7C3-4DA3-A86C-730555DFCB40}.Debug|Mixed Platforms.Build.0 = Debug|Any CPU
		{A34DFF04-F7C3-4DA3-A86C-730555DFCB40}.Debug|x64.ActiveCfg = Debug|Any CPU
		{A34DFF04-F7C3-4DA3-A86C-730555DFCB40}.Debug|x86.ActiveCfg = Debug|Any CPU
		{A34DFF04-F7C3-4DA3-A86C-730555DFCB40}.Release|Any CPU.ActiveCfg = Release|Any CPU
		{A34DFF04-F7C3-4DA3-A86C-730555DFCB40}.Release|Any CPU.Build.0 = Release|Any CPU
		{A34DFF04-F7C3-4DA3-A86C-730555DFCB40}.Release|Mixed Platforms.ActiveCfg = Release|Any CPU
		{A34DFF04-F7C3-4DA3-A86C-730555DFCB40}.Release|Mixed Platforms.Build.0 = Release|Any CPU
		{A34DFF04-F7C3-4DA3-A86C-730555DFCB40}.Release|x64.ActiveCfg = Release|Any CPU
		{A34DFF04-F7C3-4DA3-A86C-730555DFCB40}.Release|x86.ActiveCfg = Release|Any CPU
		{126FE33E-9C5F-4FA8-B899-E807A9C8A5C4}.Debug|Any CPU.ActiveCfg = Debug|Any CPU
		{126FE33E-9C5F-4FA8-B899-E807A9C8A5C4}.Debug|Any CPU.Build.0 = Debug|Any CPU
		{126FE33E-9C5F-4FA8-B899-E807A9C8A5C4}.Debug|Mixed Platforms.ActiveCfg = Debug|Any CPU
		{126FE33E-9C5F-4FA8-B899-E807A9C8A5C4}.Debug|Mixed Platforms.Build.0 = Debug|Any CPU
		{126FE33E-9C5F-4FA8-B899-E807A9C8A5C4}.Debug|x64.ActiveCfg = Debug|Any CPU
		{126FE33E-9C5F-4FA8-B899-E807A9C8A5C4}.Debug|x86.ActiveCfg = Debug|Any CPU
		{126FE33E-9C5F-4FA8-B899-E807A9C8A5C4}.Release|Any CPU.ActiveCfg = Debug|Any CPU
		{126FE33E-9C5F-4FA8-B899-E807A9C8A5C4}.Release|Any CPU.Build.0 = Debug|Any CPU
		{126FE33E-9C5F-4FA8-B899-E807A9C8A5C4}.Release|Mixed Platforms.ActiveCfg = Debug|Any CPU
		{126FE33E-9C5F-4FA8-B899-E807A9C8A5C4}.Release|Mixed Platforms.Build.0 = Debug|Any CPU
		{126FE33E-9C5F-4FA8-B899-E807A9C8A5C4}.Release|x64.ActiveCfg = Debug|Any CPU
		{126FE33E-9C5F-4FA8-B899-E807A9C8A5C4}.Release|x86.ActiveCfg = Debug|Any CPU
		{A59E9C37-7310-43C3-8A8C-8D8945FD6980}.Debug|Any CPU.ActiveCfg = Debug|Any CPU
		{A59E9C37-7310-43C3-8A8C-8D8945FD6980}.Debug|Any CPU.Build.0 = Debug|Any CPU
		{A59E9C37-7310-43C3-8A8C-8D8945FD6980}.Debug|Mixed Platforms.ActiveCfg = Debug|Any CPU
		{A59E9C37-7310-43C3-8A8C-8D8945FD6980}.Debug|Mixed Platforms.Build.0 = Debug|Any CPU
		{A59E9C37-7310-43C3-8A8C-8D8945FD6980}.Debug|x64.ActiveCfg = Debug|Any CPU
		{A59E9C37-7310-43C3-8A8C-8D8945FD6980}.Debug|x86.ActiveCfg = Debug|Any CPU
		{A59E9C37-7310-43C3-8A8C-8D8945FD6980}.Release|Any CPU.ActiveCfg = Debug|Any CPU
		{A59E9C37-7310-43C3-8A8C-8D8945FD6980}.Release|Any CPU.Build.0 = Debug|Any CPU
		{A59E9C37-7310-43C3-8A8C-8D8945FD6980}.Release|Mixed Platforms.ActiveCfg = Debug|Any CPU
		{A59E9C37-7310-43C3-8A8C-8D8945FD6980}.Release|Mixed Platforms.Build.0 = Debug|Any CPU
		{A59E9C37-7310-43C3-8A8C-8D8945FD6980}.Release|x64.ActiveCfg = Debug|Any CPU
		{A59E9C37-7310-43C3-8A8C-8D8945FD6980}.Release|x86.ActiveCfg = Debug|Any CPU
		{635F6EA6-FB19-4B53-A3BE-675EAAEDD0DE}.Debug|Any CPU.ActiveCfg = Debug|Any CPU
		{635F6EA6-FB19-4B53-A3BE-675EAAEDD0DE}.Debug|Any CPU.Build.0 = Debug|Any CPU
		{635F6EA6-FB19-4B53-A3BE-675EAAEDD0DE}.Debug|Mixed Platforms.ActiveCfg = Debug|Any CPU
		{635F6EA6-FB19-4B53-A3BE-675EAAEDD0DE}.Debug|Mixed Platforms.Build.0 = Debug|Any CPU
		{635F6EA6-FB19-4B53-A3BE-675EAAEDD0DE}.Debug|x64.ActiveCfg = Debug|Any CPU
		{635F6EA6-FB19-4B53-A3BE-675EAAEDD0DE}.Debug|x86.ActiveCfg = Debug|Any CPU
		{635F6EA6-FB19-4B53-A3BE-675EAAEDD0DE}.Release|Any CPU.ActiveCfg = Release|Any CPU
		{635F6EA6-FB19-4B53-A3BE-675EAAEDD0DE}.Release|Any CPU.Build.0 = Release|Any CPU
		{635F6EA6-FB19-4B53-A3BE-675EAAEDD0DE}.Release|Mixed Platforms.ActiveCfg = Release|Any CPU
		{635F6EA6-FB19-4B53-A3BE-675EAAEDD0DE}.Release|Mixed Platforms.Build.0 = Release|Any CPU
		{635F6EA6-FB19-4B53-A3BE-675EAAEDD0DE}.Release|x64.ActiveCfg = Release|Any CPU
		{635F6EA6-FB19-4B53-A3BE-675EAAEDD0DE}.Release|x86.ActiveCfg = Release|Any CPU
		{9221E05B-4931-412E-A904-F7BE08B69101}.Debug|Any CPU.ActiveCfg = Debug|Any CPU
		{9221E05B-4931-412E-A904-F7BE08B69101}.Debug|Any CPU.Build.0 = Debug|Any CPU
		{9221E05B-4931-412E-A904-F7BE08B69101}.Debug|Mixed Platforms.ActiveCfg = Debug|Any CPU
		{9221E05B-4931-412E-A904-F7BE08B69101}.Debug|Mixed Platforms.Build.0 = Debug|Any CPU
		{9221E05B-4931-412E-A904-F7BE08B69101}.Debug|x64.ActiveCfg = Debug|Any CPU
		{9221E05B-4931-412E-A904-F7BE08B69101}.Debug|x86.ActiveCfg = Debug|Any CPU
		{9221E05B-4931-412E-A904-F7BE08B69101}.Release|Any CPU.ActiveCfg = Release|Any CPU
		{9221E05B-4931-412E-A904-F7BE08B69101}.Release|Any CPU.Build.0 = Release|Any CPU
		{9221E05B-4931-412E-A904-F7BE08B69101}.Release|Mixed Platforms.ActiveCfg = Release|Any CPU
		{9221E05B-4931-412E-A904-F7BE08B69101}.Release|Mixed Platforms.Build.0 = Release|Any CPU
		{9221E05B-4931-412E-A904-F7BE08B69101}.Release|x64.ActiveCfg = Release|Any CPU
		{9221E05B-4931-412E-A904-F7BE08B69101}.Release|x86.ActiveCfg = Release|Any CPU
		{D5B5EC2E-E5F3-4B03-8EA3-398FE4C4C7F4}.Debug|Any CPU.ActiveCfg = Debug|Any CPU
		{D5B5EC2E-E5F3-4B03-8EA3-398FE4C4C7F4}.Debug|Any CPU.Build.0 = Debug|Any CPU
		{D5B5EC2E-E5F3-4B03-8EA3-398FE4C4C7F4}.Debug|Mixed Platforms.ActiveCfg = Debug|Any CPU
		{D5B5EC2E-E5F3-4B03-8EA3-398FE4C4C7F4}.Debug|Mixed Platforms.Build.0 = Debug|Any CPU
		{D5B5EC2E-E5F3-4B03-8EA3-398FE4C4C7F4}.Debug|x64.ActiveCfg = Debug|Any CPU
		{D5B5EC2E-E5F3-4B03-8EA3-398FE4C4C7F4}.Debug|x86.ActiveCfg = Debug|Any CPU
		{D5B5EC2E-E5F3-4B03-8EA3-398FE4C4C7F4}.Release|Any CPU.ActiveCfg = Release|Any CPU
		{D5B5EC2E-E5F3-4B03-8EA3-398FE4C4C7F4}.Release|Any CPU.Build.0 = Release|Any CPU
		{D5B5EC2E-E5F3-4B03-8EA3-398FE4C4C7F4}.Release|Mixed Platforms.ActiveCfg = Release|Any CPU
		{D5B5EC2E-E5F3-4B03-8EA3-398FE4C4C7F4}.Release|Mixed Platforms.Build.0 = Release|Any CPU
		{D5B5EC2E-E5F3-4B03-8EA3-398FE4C4C7F4}.Release|x64.ActiveCfg = Release|Any CPU
		{D5B5EC2E-E5F3-4B03-8EA3-398FE4C4C7F4}.Release|x86.ActiveCfg = Release|Any CPU
	EndGlobalSection
	GlobalSection(SolutionProperties) = preSolution
		HideSolutionNode = FALSE
	EndGlobalSection
	GlobalSection(NestedProjects) = preSolution
		{F15E4F7B-299D-47A0-A088-1EF0F48A0078} = {F12F11CD-E48A-4574-83E6-E8BBE6919F59}
		{F32D1AA6-D083-4FC4-99AA-E35D296AE60A} = {F12F11CD-E48A-4574-83E6-E8BBE6919F59}
		{A34DFF04-F7C3-4DA3-A86C-730555DFCB40} = {F12F11CD-E48A-4574-83E6-E8BBE6919F59}
		{4928668D-5EBB-4986-B981-BEC040767A8C} = {FC657DD6-B855-4AA6-A16D-E82ADD1CF83D}
		{B82D0D7B-DE07-46D4-A3AB-7790CE53F11A} = {FC657DD6-B855-4AA6-A16D-E82ADD1CF83D}
		{ADC651F7-D2BF-490C-867B-CE5609469624} = {FC657DD6-B855-4AA6-A16D-E82ADD1CF83D}
		{04BCFE6F-AC56-4448-93C9-C5EA1205B56C} = {FC657DD6-B855-4AA6-A16D-E82ADD1CF83D}
		{B3212509-EF3D-4774-B612-6AA107CD80E8} = {FC657DD6-B855-4AA6-A16D-E82ADD1CF83D}
		{F1A347C1-11A4-41F8-9E1B-1A511E979F4B} = {FC657DD6-B855-4AA6-A16D-E82ADD1CF83D}
		{CC5447AD-EBB3-4414-96D2-FC6069738139} = {FC657DD6-B855-4AA6-A16D-E82ADD1CF83D}
		{DAD113B1-8B74-4191-81C3-F194299A35C5} = {4928668D-5EBB-4986-B981-BEC040767A8C}
		{9B976E9C-818D-49A0-AC97-F17A825D2ED7} = {4928668D-5EBB-4986-B981-BEC040767A8C}
		{958609AC-9605-4DB0-B566-2E95BF4B989A} = {4928668D-5EBB-4986-B981-BEC040767A8C}
		{4892F867-45E1-4E4F-8137-B366BBB3E1F3} = {4928668D-5EBB-4986-B981-BEC040767A8C}
		{C59ED182-A06D-4D3D-A91F-A8EDB00FA337} = {4928668D-5EBB-4986-B981-BEC040767A8C}
		{91C60ACF-78D9-433C-87FF-4DE33CC23B51} = {4928668D-5EBB-4986-B981-BEC040767A8C}
		{973E68E6-B12B-4212-ABEF-23322E1DC7DA} = {4928668D-5EBB-4986-B981-BEC040767A8C}
		{E98E06D4-EC58-48C4-81D2-ABADA10EDD90} = {ADC651F7-D2BF-490C-867B-CE5609469624}
		{5AF7F14D-F599-4775-AC00-9248849C5769} = {ADC651F7-D2BF-490C-867B-CE5609469624}
		{4101F969-86FA-4CD1-92A3-B5909BF16480} = {04BCFE6F-AC56-4448-93C9-C5EA1205B56C}
		{B02413D8-307F-41CE-AE64-0C32BA801CA0} = {04BCFE6F-AC56-4448-93C9-C5EA1205B56C}
		{126FE33E-9C5F-4FA8-B899-E807A9C8A5C4} = {04BCFE6F-AC56-4448-93C9-C5EA1205B56C}
		{A59E9C37-7310-43C3-8A8C-8D8945FD6980} = {04BCFE6F-AC56-4448-93C9-C5EA1205B56C}
		{3040444E-16FB-4747-8A1D-B98B62848D63} = {A951D6AA-428B-4966-842B-9CD950A6C8EE}
		{DE96A5BD-80BA-4502-8343-6BF3043A0721} = {A951D6AA-428B-4966-842B-9CD950A6C8EE}
		{041AC7E3-09FD-4A37-A7FD-D13E76604F24} = {A951D6AA-428B-4966-842B-9CD950A6C8EE}
		{E3A39892-390C-4FA2-8DA9-42F9211B7711} = {B3212509-EF3D-4774-B612-6AA107CD80E8}
		{823E6D8B-5BCD-42B3-A898-03C8C75E9658} = {B3212509-EF3D-4774-B612-6AA107CD80E8}
		{F73328EA-5E18-4BFF-B3C7-0D3C316064F2} = {B3212509-EF3D-4774-B612-6AA107CD80E8}
		{98D5388D-594A-4FE5-8788-D5706C51000B} = {B3212509-EF3D-4774-B612-6AA107CD80E8}
		{E3A2A903-E9BD-46A9-A33C-B87C309235B3} = {B3212509-EF3D-4774-B612-6AA107CD80E8}
		{32E02884-E4F7-436F-9118-EC74ADEE420E} = {F1A347C1-11A4-41F8-9E1B-1A511E979F4B}
		{5DAC5BC7-A86B-44A4-8D14-9D7A54BF1A22} = {F4EA41AE-3208-44CC-821D-C6B8938EF9C3}
		{67CBC824-A49E-4E9B-A947-360F3DFE65C3} = {F4EA41AE-3208-44CC-821D-C6B8938EF9C3}
		{78FB21BA-3E6A-4AA6-9E4D-CDDDE4225681} = {327B6954-DB06-4FEB-959D-F723851BA422}
		{55E0DA15-5F7B-4C59-A1D6-97B5FC433E66} = {CC5447AD-EBB3-4414-96D2-FC6069738139}
		{635F6EA6-FB19-4B53-A3BE-675EAAEDD0DE} = {CC5447AD-EBB3-4414-96D2-FC6069738139}
		{9221E05B-4931-412E-A904-F7BE08B69101} = {CC5447AD-EBB3-4414-96D2-FC6069738139}
		{D5B5EC2E-E5F3-4B03-8EA3-398FE4C4C7F4} = {CC5447AD-EBB3-4414-96D2-FC6069738139}
	EndGlobalSection
EndGlobal
