
Microsoft Visual Studio Solution File, Format Version 11.00
# Visual Studio 2010
Project("{FAE04EC0-301F-11D3-BF4B-00C04F79EFBC}") = "XmlWebService", "XmlWebService\XmlWebService.csproj", "{F69E24AA-C3A6-4865-95C3-86291B175E2F}"
EndProject
Global
	GlobalSection(TeamFoundationVersionControl) = preSolution
		SccNumberOfProjects = 2
		SccEnterpriseProvider = {4CA58AB2-18FA-4F8D-95D4-32DDF27D184C}
		SccTeamFoundationServer = http://192.168.2.13:8080/tfs/team-practicas
		SccLocalPath0 = .
		SccProjectUniqueName1 = XmlWebService\\XmlWebService.csproj
		SccProjectName1 = XmlWebService
		SccLocalPath1 = XmlWebService
	EndGlobalSection
	GlobalSection(SolutionConfigurationPlatforms) = preSolution
		Debug|Any CPU = Debug|Any CPU
		Release|Any CPU = Release|Any CPU
	EndGlobalSection
	GlobalSection(ProjectConfigurationPlatforms) = postSolution
		{F69E24AA-C3A6-4865-95C3-86291B175E2F}.Debug|Any CPU.ActiveCfg = Debug|Any CPU
		{F69E24AA-C3A6-4865-95C3-86291B175E2F}.Debug|Any CPU.Build.0 = Debug|Any CPU
		{F69E24AA-C3A6-4865-95C3-86291B175E2F}.Release|Any CPU.ActiveCfg = Release|Any CPU
		{F69E24AA-C3A6-4865-95C3-86291B175E2F}.Release|Any CPU.Build.0 = Release|Any CPU
	EndGlobalSection
	GlobalSection(SolutionProperties) = preSolution
		HideSolutionNode = FALSE
	EndGlobalSection
EndGlobal
