
Microsoft Visual Studio Solution File, Format Version 11.00
# Visual Studio 2010
Project("{FAE04EC0-301F-11D3-BF4B-00C04F79EFBC}") = "UltimateWindowsService", "UltimateWindowsService\UltimateWindowsService.csproj", "{D6E61F0D-271F-40E9-9E18-F348ED7BB82E}"
EndProject
Project("{54435603-DBB4-11D2-8724-00A0C9A8B90C}") = "UltimateWindowsSetup", "UltimateWindowsSetup\UltimateWindowsSetup.vdproj", "{5F851D0A-7BF7-4C1D-944F-1008DC85461A}"
EndProject
Global
	GlobalSection(TeamFoundationVersionControl) = preSolution
		SccNumberOfProjects = 3
		SccEnterpriseProvider = {4CA58AB2-18FA-4F8D-95D4-32DDF27D184C}
		SccTeamFoundationServer = http://192.168.3.105:8080/tfs/team-practicas
		SccLocalPath0 = .
		SccProjectUniqueName1 = UltimateWindowsService\\UltimateWindowsService.csproj
		SccProjectName1 = UltimateWindowsService
		SccLocalPath1 = UltimateWindowsService
		SccProjectUniqueName2 = UltimateWindowsSetup\\UltimateWindowsSetup.vdproj
		SccProjectName2 = UltimateWindowsSetup
		SccLocalPath2 = UltimateWindowsSetup
	EndGlobalSection
	GlobalSection(SolutionConfigurationPlatforms) = preSolution
		Debug|x86 = Debug|x86
		Release|x86 = Release|x86
	EndGlobalSection
	GlobalSection(ProjectConfigurationPlatforms) = postSolution
		{D6E61F0D-271F-40E9-9E18-F348ED7BB82E}.Debug|x86.ActiveCfg = Debug|x86
		{D6E61F0D-271F-40E9-9E18-F348ED7BB82E}.Debug|x86.Build.0 = Debug|x86
		{D6E61F0D-271F-40E9-9E18-F348ED7BB82E}.Release|x86.ActiveCfg = Release|x86
		{D6E61F0D-271F-40E9-9E18-F348ED7BB82E}.Release|x86.Build.0 = Release|x86
		{5F851D0A-7BF7-4C1D-944F-1008DC85461A}.Debug|x86.ActiveCfg = Debug
		{5F851D0A-7BF7-4C1D-944F-1008DC85461A}.Release|x86.ActiveCfg = Release
	EndGlobalSection
	GlobalSection(SolutionProperties) = preSolution
		HideSolutionNode = FALSE
	EndGlobalSection
EndGlobal
