
Microsoft Visual Studio Solution File, Format Version 11.00
# Visual Studio 2010
Project("{FAE04EC0-301F-11D3-BF4B-00C04F79EFBC}") = "PAXPruebaPlantillas", "PAXPruebaPlantillas\PAXPruebaPlantillas.csproj", "{6099FA03-A0D1-46F3-8C8E-876851726BA4}"
EndProject
Project("{FAE04EC0-301F-11D3-BF4B-00C04F79EFBC}") = "PAXPruebaPlantillaTest", "PAXPruebaPlantillaTest\PAXPruebaPlantillaTest.csproj", "{2A8ECB32-DEC3-4CE3-80D0-94694350BFF5}"
EndProject
Global
	GlobalSection(TeamFoundationVersionControl) = preSolution
		SccNumberOfProjects = 3
		SccEnterpriseProvider = {4CA58AB2-18FA-4F8D-95D4-32DDF27D184C}
		SccTeamFoundationServer = http://192.168.3.105:8080/tfs/team-practicas
		SccLocalPath0 = .
		SccProjectUniqueName1 = PAXPruebaPlantillas\\PAXPruebaPlantillas.csproj
		SccProjectName1 = PAXPruebaPlantillas
		SccLocalPath1 = PAXPruebaPlantillas
		SccProjectUniqueName2 = PAXPruebaPlantillaTest\\PAXPruebaPlantillaTest.csproj
		SccProjectName2 = PAXPruebaPlantillaTest
		SccLocalPath2 = PAXPruebaPlantillaTest
	EndGlobalSection
	GlobalSection(SolutionConfigurationPlatforms) = preSolution
		Debug|Any CPU = Debug|Any CPU
		Debug|Mixed Platforms = Debug|Mixed Platforms
		Debug|x86 = Debug|x86
		Release|Any CPU = Release|Any CPU
		Release|Mixed Platforms = Release|Mixed Platforms
		Release|x86 = Release|x86
	EndGlobalSection
	GlobalSection(ProjectConfigurationPlatforms) = postSolution
		{6099FA03-A0D1-46F3-8C8E-876851726BA4}.Debug|Any CPU.ActiveCfg = Debug|x86
		{6099FA03-A0D1-46F3-8C8E-876851726BA4}.Debug|Mixed Platforms.ActiveCfg = Debug|x86
		{6099FA03-A0D1-46F3-8C8E-876851726BA4}.Debug|Mixed Platforms.Build.0 = Debug|x86
		{6099FA03-A0D1-46F3-8C8E-876851726BA4}.Debug|x86.ActiveCfg = Debug|x86
		{6099FA03-A0D1-46F3-8C8E-876851726BA4}.Debug|x86.Build.0 = Debug|x86
		{6099FA03-A0D1-46F3-8C8E-876851726BA4}.Release|Any CPU.ActiveCfg = Release|x86
		{6099FA03-A0D1-46F3-8C8E-876851726BA4}.Release|Mixed Platforms.ActiveCfg = Release|x86
		{6099FA03-A0D1-46F3-8C8E-876851726BA4}.Release|Mixed Platforms.Build.0 = Release|x86
		{6099FA03-A0D1-46F3-8C8E-876851726BA4}.Release|x86.ActiveCfg = Release|x86
		{6099FA03-A0D1-46F3-8C8E-876851726BA4}.Release|x86.Build.0 = Release|x86
		{2A8ECB32-DEC3-4CE3-80D0-94694350BFF5}.Debug|Any CPU.ActiveCfg = Debug|Any CPU
		{2A8ECB32-DEC3-4CE3-80D0-94694350BFF5}.Debug|Any CPU.Build.0 = Debug|Any CPU
		{2A8ECB32-DEC3-4CE3-80D0-94694350BFF5}.Debug|Mixed Platforms.ActiveCfg = Debug|Any CPU
		{2A8ECB32-DEC3-4CE3-80D0-94694350BFF5}.Debug|Mixed Platforms.Build.0 = Debug|Any CPU
		{2A8ECB32-DEC3-4CE3-80D0-94694350BFF5}.Debug|x86.ActiveCfg = Debug|Any CPU
		{2A8ECB32-DEC3-4CE3-80D0-94694350BFF5}.Release|Any CPU.ActiveCfg = Release|Any CPU
		{2A8ECB32-DEC3-4CE3-80D0-94694350BFF5}.Release|Any CPU.Build.0 = Release|Any CPU
		{2A8ECB32-DEC3-4CE3-80D0-94694350BFF5}.Release|Mixed Platforms.ActiveCfg = Release|Any CPU
		{2A8ECB32-DEC3-4CE3-80D0-94694350BFF5}.Release|Mixed Platforms.Build.0 = Release|Any CPU
		{2A8ECB32-DEC3-4CE3-80D0-94694350BFF5}.Release|x86.ActiveCfg = Release|Any CPU
	EndGlobalSection
	GlobalSection(SolutionProperties) = preSolution
		HideSolutionNode = FALSE
	EndGlobalSection
EndGlobal
