
Microsoft Visual Studio Solution File, Format Version 11.00
# Visual Studio 2010
Project("{FAE04EC0-301F-11D3-BF4B-00C04F79EFBC}") = "wsGeneraXml", "wsGeneraXml\wsGeneraXml.csproj", "{C5E3DB4C-CA43-47F1-B93D-03E1F9A5854D}"
EndProject
Project("{54435603-DBB4-11D2-8724-00A0C9A8B90C}") = "GenerarXml", "GenerarXml\GenerarXml.vdproj", "{01C986E3-134A-4A1E-94BA-26B3364A2497}"
EndProject
Global
	GlobalSection(TeamFoundationVersionControl) = preSolution
		SccNumberOfProjects = 3
		SccEnterpriseProvider = {4CA58AB2-18FA-4F8D-95D4-32DDF27D184C}
		SccTeamFoundationServer = http://192.168.3.105:8080/tfs/team-practicas
		SccLocalPath0 = .
		SccProjectUniqueName1 = GenerarXml\\GenerarXml.vdproj
		SccProjectName1 = GenerarXml
		SccLocalPath1 = GenerarXml
		SccProjectUniqueName2 = wsGeneraXml\\wsGeneraXml.csproj
		SccProjectName2 = wsGeneraXml
		SccLocalPath2 = wsGeneraXml
	EndGlobalSection
	GlobalSection(SolutionConfigurationPlatforms) = preSolution
		Debug|x86 = Debug|x86
		Release|x86 = Release|x86
	EndGlobalSection
	GlobalSection(ProjectConfigurationPlatforms) = postSolution
		{C5E3DB4C-CA43-47F1-B93D-03E1F9A5854D}.Debug|x86.ActiveCfg = Debug|x86
		{C5E3DB4C-CA43-47F1-B93D-03E1F9A5854D}.Debug|x86.Build.0 = Debug|x86
		{C5E3DB4C-CA43-47F1-B93D-03E1F9A5854D}.Release|x86.ActiveCfg = Release|x86
		{C5E3DB4C-CA43-47F1-B93D-03E1F9A5854D}.Release|x86.Build.0 = Release|x86
		{01C986E3-134A-4A1E-94BA-26B3364A2497}.Debug|x86.ActiveCfg = Debug
		{01C986E3-134A-4A1E-94BA-26B3364A2497}.Release|x86.ActiveCfg = Release
	EndGlobalSection
	GlobalSection(SolutionProperties) = preSolution
		HideSolutionNode = FALSE
	EndGlobalSection
EndGlobal
